{
  "pins" : [
    {
      "identity" : "googleappmeasurement",
      "kind" : "remoteSourceControl",
      "location" : "https://github.com/google/GoogleAppMeasurement.git",
      "state" : {
        "revision" : "f54f60d0164d887e1174fa51ab2efe48a8e9d178",
        "version" : "9.3.0"
      }
    },
    {
      "identity" : "googlemobileads",
      "kind" : "remoteSourceControl",
      "location" : "https://github.com/quanghits/GoogleMobileAds",
      "state" : {
        "branch" : "main",
        "revision" : "271e6d6bc1d7756a88fe82df558145a264a34331"
      }
    },
    {
      "identity" : "googleusermessagingplatform",
      "kind" : "remoteSourceControl",
      "location" : "https://github.com/quanghits/GoogleUserMessagingPlatform.git",
      "state" : {
        "revision" : "f322d91b6b0497b727b228a5fa5b9394e7886d3a",
        "version" : "2.0.0"
      }
    },
    {
      "identity" : "googleutilities",
      "kind" : "remoteSourceControl",
      "location" : "https://github.com/google/GoogleUtilities.git",
      "state" : {
        "revision" : "f4abe56ce62a779e64b525eb133c8fc2a84bbc1f",
        "version" : "7.7.1"
      }
    },
    {
      "identity" : "ink",
      "kind" : "remoteSourceControl",
      "location" : "https://github.com/JohnSundell/Ink.git",
      "state" : {
        "branch" : "master",
        "revision" : "77c3d8953374a9cf5418ef0bd7108524999de85a"
      }
    },
    {
      "identity" : "nanopb",
      "kind" : "remoteSourceControl",
      "location" : "https://github.com/firebase/nanopb.git",
      "state" : {
        "revision" : "819d0a2173aff699fb8c364b6fb906f7cdb1a692",
        "version" : "2.30909.0"
      }
    },
    {
      "identity" : "promises",
      "kind" : "remoteSourceControl",
      "location" : "https://github.com/google/promises.git",
      "state" : {
        "revision" : "3e4e743631e86c8c70dbc6efdc7beaa6e90fd3bb",
        "version" : "2.1.1"
      }
    },
    {
      "identity" : "swiftui-introspect",
      "kind" : "remoteSourceControl",
      "location" : "https://github.com/siteline/SwiftUI-Introspect.git",
      "state" : {
        "branch" : "master",
        "revision" : "7ef0df639079491ee1aaf6b83b6fd4d08df80393"
      }
    }
  ],
  "version" : 2
}
