PODS:
  - Bootstrap (0.1.0)
  - Colours (5.13.0):
    - Colours/ObjC (= 5.13.0)
  - Colours/ObjC (5.13.0)
  - EDHFinder (0.1.2):
    - EDHUtility (~> 0.1)
    - FCFileManager (~> 1.0)
    - FontAwesomeKit (~> 2.2)
    - MGSwipeTableCell (~> 1.1)
  - EDHFontSelector (0.2.2):
    - EDHUtility (~> 0.1)
  - EDHInputAccessoryView (0.1.1):
    - EDHUtility (~> 0.1)
    - FontAwesomeKit (~> 2.1)
  - EDHUtility (0.1.2)
  - FCFileManager (1.0.20)
  - FontAwesomeKit (2.2.1):
    - FontAwesomeKit/Core (= 2.2.1)
    - FontAwesomeKit/FontAwesome (= 2.2.1)
    - FontAwesomeKit/FoundationIcons (= 2.2.1)
    - FontAwesomeKit/IonIcons (= 2.2.1)
    - FontAwesomeKit/Material (= 2.2.1)
    - FontAwesomeKit/Octicons (= 2.2.1)
    - FontAwesomeKit/Zocial (= 2.2.1)
  - FontAwesomeKit/Core (2.2.1)
  - FontAwesomeKit/FontAwesome (2.2.1):
    - FontAwesomeKit/Core
  - FontAwesomeKit/FoundationIcons (2.2.1):
    - FontAwesomeKit/Core
  - FontAwesomeKit/IonIcons (2.2.1):
    - FontAwesomeKit/Core
  - FontAwesomeKit/Material (2.2.1):
    - FontAwesomeKit/Core
  - FontAwesomeKit/Octicons (2.2.1):
    - FontAwesomeKit/Core
  - FontAwesomeKit/Zocial (2.2.1):
    - FontAwesomeKit/Core
  - FXForms (1.2.14)
  - GHMarkdownParser (0.1.2)
  - github-markdown-css (0.1.0)
  - Google-Mobile-Ads-SDK (7.69.0):
    - GoogleAppMeasurement (~> 7.0)
    - GoogleUserMessagingPlatform (~> 1.1)
  - GoogleAppMeasurement (7.6.0):
    - GoogleUtilities/AppDelegateSwizzler (~> 7.0)
    - GoogleUtilities/MethodSwizzler (~> 7.0)
    - GoogleUtilities/Network (~> 7.0)
    - "GoogleUtilities/NSData+zlib (~> 7.0)"
    - nanopb (~> 2.30907.0)
  - GoogleUserMessagingPlatform (1.4.0)
  - GoogleUtilities/AppDelegateSwizzler (7.2.2):
    - GoogleUtilities/Environment
    - GoogleUtilities/Logger
    - GoogleUtilities/Network
  - GoogleUtilities/Environment (7.2.2):
    - PromisesObjC (~> 1.2)
  - GoogleUtilities/Logger (7.2.2):
    - GoogleUtilities/Environment
  - GoogleUtilities/MethodSwizzler (7.2.2):
    - GoogleUtilities/Logger
  - GoogleUtilities/Network (7.2.2):
    - GoogleUtilities/Logger
    - "GoogleUtilities/NSData+zlib"
    - GoogleUtilities/Reachability
  - "GoogleUtilities/NSData+zlib (7.2.2)"
  - GoogleUtilities/Reachability (7.2.2):
    - GoogleUtilities/Logger
  - Megrim (0.1.0)
  - MGSwipeTableCell (1.6.8)
  - nanopb (2.30907.0):
    - nanopb/decode (= 2.30907.0)
    - nanopb/encode (= 2.30907.0)
  - nanopb/decode (2.30907.0)
  - nanopb/encode (2.30907.0)
  - PromisesObjC (1.2.12)
  - SwiftLint (0.32.0)
  - VTAcknowledgementsViewController (0.17)

DEPENDENCIES:
  - Bootstrap (from `https://raw.githubusercontent.com/tnantoka/podspecs/master/Specs/Bootstrap/Bootstrap.podspec`)
  - Colours (~> 5.13.0)
  - EDHFinder (~> 0.1)
  - EDHFontSelector (~> 0.2.2)
  - EDHInputAccessoryView (~> 0.1)
  - FXForms (~> 1.2)
  - GHMarkdownParser (~> 0.1)
  - github-markdown-css (from `https://raw.githubusercontent.com/tnantoka/podspecs/master/Specs/github-markdown-css/github-markdown-css.podspec`)
  - Google-Mobile-Ads-SDK (= 7.69.0)
  - Megrim (from `https://raw.githubusercontent.com/tnantoka/podspecs/master/Specs/Megrim/Megrim.podspec`)
  - SwiftLint
  - VTAcknowledgementsViewController (~> 0.12)

SPEC REPOS:
  https://github.com/CocoaPods/Specs.git:
    - Colours
    - EDHFinder
    - EDHFontSelector
    - EDHInputAccessoryView
    - EDHUtility
    - FCFileManager
    - FontAwesomeKit
    - FXForms
    - GHMarkdownParser
    - Google-Mobile-Ads-SDK
    - GoogleAppMeasurement
    - GoogleUserMessagingPlatform
    - GoogleUtilities
    - MGSwipeTableCell
    - nanopb
    - PromisesObjC
    - SwiftLint
    - VTAcknowledgementsViewController

EXTERNAL SOURCES:
  Bootstrap:
    :podspec: https://raw.githubusercontent.com/tnantoka/podspecs/master/Specs/Bootstrap/Bootstrap.podspec
  github-markdown-css:
    :podspec: https://raw.githubusercontent.com/tnantoka/podspecs/master/Specs/github-markdown-css/github-markdown-css.podspec
  Megrim:
    :podspec: https://raw.githubusercontent.com/tnantoka/podspecs/master/Specs/Megrim/Megrim.podspec

SPEC CHECKSUMS:
  Bootstrap: 22c5f86c1970b2d3d485f583a711012eac0d32e3
  Colours: f24220c38f13deac88612667e9b4a7fb96b871d4
  EDHFinder: 26c9daabda0a535f68db0451ae2bd4eaefad4469
  EDHFontSelector: db446999fa1bd5db9dbd3709018790d2dfc27f76
  EDHInputAccessoryView: 3e15385630d6dabb335c52981ffde957d192c8d0
  EDHUtility: 9e888c6880f52318e6f018374adb3d15c749f4a5
  FCFileManager: e0f73316e6aa2eb04d2ff4caa75fe7df1ae44270
  FontAwesomeKit: 3614979b3dbb0ec3f7fac1bd760b91f66c31db67
  FXForms: 724500c0c3f3eb3ba1004b3b83abcee55d3daf18
  GHMarkdownParser: 14cbf59d0ab9450017d843dffd4a3ef691e5bd77
  github-markdown-css: 829d641e9e4757e468bf1d394d3daab654c51cb2
  Google-Mobile-Ads-SDK: 2f288748a42920d1c744946a460896a95b0e9110
  GoogleAppMeasurement: c542a2feaac9ab98fd074e8f1a02c3585bbfbd47
  GoogleUserMessagingPlatform: b168e8c46cd8f92aa3e34b584c4ca78a411ce367
  GoogleUtilities: 31c5b01f978a70c6cff2afc6272b3f1921614b43
  Megrim: 1ef3b73344e1ac96195d8dbdba647966437ae9c0
  MGSwipeTableCell: dc4eca3212ed38a563b27d6aa7b3c01ce656c1e2
  nanopb: 59221d7f958fb711001e6a449489542d92ae113e
  PromisesObjC: 3113f7f76903778cf4a0586bd1ab89329a0b7b97
  SwiftLint: 009a898ef2a1c851f45e1b59349bf6ff2ddc990d
  VTAcknowledgementsViewController: 6056f5f5e5ed995bbf0581bed6ddd29355ca9a80

PODFILE CHECKSUM: 300f98ca7be73dded32b934e96bb0a70bae3d0cc

COCOAPODS: 1.10.1
