// !$*UTF8*$!
{
	archiveVersion = 1;
	classes = {
	};
	objectVersion = 45;
	objects = {

/* Begin PBXBuildFile section */
		1301C44B121F63BF009C9FFE /* EdhitaNavigationController.m in Sources */ = {isa = PBXBuildFile; fileRef = 1301C44A121F63BF009C9FFE /* EdhitaNavigationController.m */; };
		1301C4CA121F6D65009C9FFE /* file.png in Resources */ = {isa = PBXBuildFile; fileRef = 1301C4C8121F6D65009C9FFE /* file.png */; };
		1301C4CB121F6D65009C9FFE /* dir.png in Resources */ = {isa = PBXBuildFile; fileRef = 1301C4C9121F6D65009C9FFE /* dir.png */; };
		1301C614121F7B86009C9FFE /* file_new.png in Resources */ = {isa = PBXBuildFile; fileRef = 1301C612121F7B86009C9FFE /* file_new.png */; };
		1301C615121F7B86009C9FFE /* dir_new.png in Resources */ = {isa = PBXBuildFile; fileRef = 1301C613121F7B86009C9FFE /* dir_new.png */; };
		130249301258C71E00977322 /* Icon.png in Resources */ = {isa = PBXBuildFile; fileRef = 1302492F1258C71E00977322 /* Icon.png */; };
		1302894C1237AD590083C2BC /* libAdMob.a in Frameworks */ = {isa = PBXBuildFile; fileRef = 1302894B1237AD590083C2BC /* libAdMob.a */; };
		1302896B1237AE8F0083C2BC /* CDataScanner.m in Sources */ = {isa = PBXBuildFile; fileRef = 130289561237AE8F0083C2BC /* CDataScanner.m */; };
		1302896C1237AE8F0083C2BC /* CDataScanner_Extensions.m in Sources */ = {isa = PBXBuildFile; fileRef = 130289591237AE8F0083C2BC /* CDataScanner_Extensions.m */; };
		1302896D1237AE8F0083C2BC /* NSCharacterSet_Extensions.m in Sources */ = {isa = PBXBuildFile; fileRef = 1302895B1237AE8F0083C2BC /* NSCharacterSet_Extensions.m */; };
		1302896E1237AE8F0083C2BC /* NSDictionary_JSONExtensions.m in Sources */ = {isa = PBXBuildFile; fileRef = 1302895D1237AE8F0083C2BC /* NSDictionary_JSONExtensions.m */; };
		1302896F1237AE8F0083C2BC /* NSScanner_Extensions.m in Sources */ = {isa = PBXBuildFile; fileRef = 1302895F1237AE8F0083C2BC /* NSScanner_Extensions.m */; };
		130289701237AE8F0083C2BC /* CJSONDataSerializer.m in Sources */ = {isa = PBXBuildFile; fileRef = 130289621237AE8F0083C2BC /* CJSONDataSerializer.m */; };
		130289711237AE8F0083C2BC /* CJSONDeserializer.m in Sources */ = {isa = PBXBuildFile; fileRef = 130289641237AE8F0083C2BC /* CJSONDeserializer.m */; };
		130289721237AE8F0083C2BC /* CJSONScanner.m in Sources */ = {isa = PBXBuildFile; fileRef = 130289661237AE8F0083C2BC /* CJSONScanner.m */; };
		130289731237AE8F0083C2BC /* CJSONSerializer.m in Sources */ = {isa = PBXBuildFile; fileRef = 130289681237AE8F0083C2BC /* CJSONSerializer.m */; };
		130289741237AE8F0083C2BC /* CSerializedJSONData.m in Sources */ = {isa = PBXBuildFile; fileRef = 1302896A1237AE8F0083C2BC /* CSerializedJSONData.m */; };
		13028AD41237B8C80083C2BC /* AudioToolbox.framework in Frameworks */ = {isa = PBXBuildFile; fileRef = 13028AD31237B8C80083C2BC /* AudioToolbox.framework */; };
		13028AD61237B8C80083C2BC /* MediaPlayer.framework in Frameworks */ = {isa = PBXBuildFile; fileRef = 13028AD51237B8C80083C2BC /* MediaPlayer.framework */; };
		13028ADC1237B8E10083C2BC /* MessageUI.framework in Frameworks */ = {isa = PBXBuildFile; fileRef = 13028ADB1237B8E10083C2BC /* MessageUI.framework */; };
		13028ADE1237B8E10083C2BC /* QuartzCore.framework in Frameworks */ = {isa = PBXBuildFile; fileRef = 13028ADD1237B8E10083C2BC /* QuartzCore.framework */; };
		130D51BA12579FBD00EF1F0E /* welcome.html in Resources */ = {isa = PBXBuildFile; fileRef = 130D51B812579FBD00EF1F0E /* welcome.html */; };
		130D51BB12579FBD00EF1F0E /* style.css in Resources */ = {isa = PBXBuildFile; fileRef = 130D51B912579FBD00EF1F0E /* style.css */; };
		130D51CA1257A0E100EF1F0E /* index.html in Resources */ = {isa = PBXBuildFile; fileRef = 130D51C91257A0E100EF1F0E /* index.html */; };
		130D54141257AEFD00EF1F0E /* script.js in Resources */ = {isa = PBXBuildFile; fileRef = 130D53FC1257AEF400EF1F0E /* script.js */; };
		130F35451258ACA0007861E2 /* direcotry.txt in Resources */ = {isa = PBXBuildFile; fileRef = 130F35441258ACA0007861E2 /* direcotry.txt */; };
		130F35981258AF57007861E2 /* delete.txt in Resources */ = {isa = PBXBuildFile; fileRef = 130F35971258AF57007861E2 /* delete.txt */; };
		13174DE31217A1C600FC741F /* DetailViewController.m in Sources */ = {isa = PBXBuildFile; fileRef = 13174DE01217A1C600FC741F /* DetailViewController.m */; };
		13174DE41217A1C700FC741F /* RootViewController.m in Sources */ = {isa = PBXBuildFile; fileRef = 13174DE21217A1C600FC741F /* RootViewController.m */; };
		13D479001250EBD20078A651 /* FTPLocalTableController.m in Sources */ = {isa = PBXBuildFile; fileRef = 13D478FF1250EBD20078A651 /* FTPLocalTableController.m */; };
		13D479031250EBE30078A651 /* FTPRemoteTableController.m in Sources */ = {isa = PBXBuildFile; fileRef = 13D479021250EBE30078A651 /* FTPRemoteTableController.m */; };
		13D479061250EC5C0078A651 /* FTPLocalNavigationController.m in Sources */ = {isa = PBXBuildFile; fileRef = 13D479051250EC5C0078A651 /* FTPLocalNavigationController.m */; };
		13D479091250EC690078A651 /* FTPRemoteNavigationController.m in Sources */ = {isa = PBXBuildFile; fileRef = 13D479081250EC690078A651 /* FTPRemoteNavigationController.m */; };
		13F0F5401257C39D007D7386 /* download.png in Resources */ = {isa = PBXBuildFile; fileRef = 13F0F53F1257C39D007D7386 /* download.png */; };
		13F1C244122AAE9100027068 /* arrow_left.png in Resources */ = {isa = PBXBuildFile; fileRef = 13F1C242122AAE9100027068 /* arrow_left.png */; };
		13F1C245122AAE9100027068 /* arrow_right.png in Resources */ = {isa = PBXBuildFile; fileRef = 13F1C243122AAE9100027068 /* arrow_right.png */; };
		13F214F0121FFB5800F38E30 /* EdhitaFileViewController.m in Sources */ = {isa = PBXBuildFile; fileRef = 13F214EF121FFB5800F38E30 /* EdhitaFileViewController.m */; };
		13F340BB122A4C02007264FD /* EdhitaAccessoryView.m in Sources */ = {isa = PBXBuildFile; fileRef = 13F340BA122A4C02007264FD /* EdhitaAccessoryView.m */; };
		13F43A0312618DC000678F48 /* EditorSplitViewController.m in Sources */ = {isa = PBXBuildFile; fileRef = 13F43A0212618DC000678F48 /* EditorSplitViewController.m */; };
		13F9A46D1260A70200383AD7 /* FTPSplitViewController.m in Sources */ = {isa = PBXBuildFile; fileRef = 13F9A46C1260A70200383AD7 /* FTPSplitViewController.m */; };
		13F9A6B11260CB0000383AD7 /* CFNetwork.framework in Frameworks */ = {isa = PBXBuildFile; fileRef = 13F9A6B01260CB0000383AD7 /* CFNetwork.framework */; };
		13FC0DCE122A0C1200FB0693 /* Settings.bundle in Resources */ = {isa = PBXBuildFile; fileRef = 13FC0DCD122A0C1200FB0693 /* Settings.bundle */; };
		1D3623260D0F684500981E51 /* EdhitaAppDelegate.m in Sources */ = {isa = PBXBuildFile; fileRef = 1D3623250D0F684500981E51 /* EdhitaAppDelegate.m */; };
		1D60589B0D05DD56006BFB54 /* main.m in Sources */ = {isa = PBXBuildFile; fileRef = 29B97316FDCFA39411CA2CEA /* main.m */; };
		1D60589F0D05DD5A006BFB54 /* Foundation.framework in Frameworks */ = {isa = PBXBuildFile; fileRef = 1D30AB110D05D00D00671497 /* Foundation.framework */; };
		1DF5F4E00D08C38300B7A737 /* UIKit.framework in Frameworks */ = {isa = PBXBuildFile; fileRef = 1DF5F4DF0D08C38300B7A737 /* UIKit.framework */; };
		288765FD0DF74451002DB57D /* CoreGraphics.framework in Frameworks */ = {isa = PBXBuildFile; fileRef = 288765FC0DF74451002DB57D /* CoreGraphics.framework */; };
/* End PBXBuildFile section */

/* Begin PBXFileReference section */
		1301C449121F63BF009C9FFE /* EdhitaNavigationController.h */ = {isa = PBXFileReference; fileEncoding = 4; lastKnownFileType = sourcecode.c.h; path = EdhitaNavigationController.h; sourceTree = "<group>"; };
		1301C44A121F63BF009C9FFE /* EdhitaNavigationController.m */ = {isa = PBXFileReference; fileEncoding = 4; lastKnownFileType = sourcecode.c.objc; path = EdhitaNavigationController.m; sourceTree = "<group>"; };
		1301C4C8121F6D65009C9FFE /* file.png */ = {isa = PBXFileReference; lastKnownFileType = image.png; path = file.png; sourceTree = "<group>"; };
		1301C4C9121F6D65009C9FFE /* dir.png */ = {isa = PBXFileReference; lastKnownFileType = image.png; path = dir.png; sourceTree = "<group>"; };
		1301C612121F7B86009C9FFE /* file_new.png */ = {isa = PBXFileReference; lastKnownFileType = image.png; path = file_new.png; sourceTree = "<group>"; };
		1301C613121F7B86009C9FFE /* dir_new.png */ = {isa = PBXFileReference; lastKnownFileType = image.png; path = dir_new.png; sourceTree = "<group>"; };
		1302492F1258C71E00977322 /* Icon.png */ = {isa = PBXFileReference; lastKnownFileType = image.png; path = Icon.png; sourceTree = "<group>"; };
		130289491237AD590083C2BC /* AdMobDelegateProtocol.h */ = {isa = PBXFileReference; fileEncoding = 4; lastKnownFileType = sourcecode.c.h; path = AdMobDelegateProtocol.h; sourceTree = "<group>"; };
		1302894A1237AD590083C2BC /* AdMobView.h */ = {isa = PBXFileReference; fileEncoding = 4; lastKnownFileType = sourcecode.c.h; path = AdMobView.h; sourceTree = "<group>"; };
		1302894B1237AD590083C2BC /* libAdMob.a */ = {isa = PBXFileReference; lastKnownFileType = archive.ar; path = libAdMob.a; sourceTree = "<group>"; };
		130289551237AE8F0083C2BC /* CDataScanner.h */ = {isa = PBXFileReference; fileEncoding = 4; lastKnownFileType = sourcecode.c.h; path = CDataScanner.h; sourceTree = "<group>"; };
		130289561237AE8F0083C2BC /* CDataScanner.m */ = {isa = PBXFileReference; fileEncoding = 4; lastKnownFileType = sourcecode.c.objc; path = CDataScanner.m; sourceTree = "<group>"; };
		130289581237AE8F0083C2BC /* CDataScanner_Extensions.h */ = {isa = PBXFileReference; fileEncoding = 4; lastKnownFileType = sourcecode.c.h; path = CDataScanner_Extensions.h; sourceTree = "<group>"; };
		130289591237AE8F0083C2BC /* CDataScanner_Extensions.m */ = {isa = PBXFileReference; fileEncoding = 4; lastKnownFileType = sourcecode.c.objc; path = CDataScanner_Extensions.m; sourceTree = "<group>"; };
		1302895A1237AE8F0083C2BC /* NSCharacterSet_Extensions.h */ = {isa = PBXFileReference; fileEncoding = 4; lastKnownFileType = sourcecode.c.h; path = NSCharacterSet_Extensions.h; sourceTree = "<group>"; };
		1302895B1237AE8F0083C2BC /* NSCharacterSet_Extensions.m */ = {isa = PBXFileReference; fileEncoding = 4; lastKnownFileType = sourcecode.c.objc; path = NSCharacterSet_Extensions.m; sourceTree = "<group>"; };
		1302895C1237AE8F0083C2BC /* NSDictionary_JSONExtensions.h */ = {isa = PBXFileReference; fileEncoding = 4; lastKnownFileType = sourcecode.c.h; path = NSDictionary_JSONExtensions.h; sourceTree = "<group>"; };
		1302895D1237AE8F0083C2BC /* NSDictionary_JSONExtensions.m */ = {isa = PBXFileReference; fileEncoding = 4; lastKnownFileType = sourcecode.c.objc; path = NSDictionary_JSONExtensions.m; sourceTree = "<group>"; };
		1302895E1237AE8F0083C2BC /* NSScanner_Extensions.h */ = {isa = PBXFileReference; fileEncoding = 4; lastKnownFileType = sourcecode.c.h; path = NSScanner_Extensions.h; sourceTree = "<group>"; };
		1302895F1237AE8F0083C2BC /* NSScanner_Extensions.m */ = {isa = PBXFileReference; fileEncoding = 4; lastKnownFileType = sourcecode.c.objc; path = NSScanner_Extensions.m; sourceTree = "<group>"; };
		130289611237AE8F0083C2BC /* CJSONDataSerializer.h */ = {isa = PBXFileReference; fileEncoding = 4; lastKnownFileType = sourcecode.c.h; path = CJSONDataSerializer.h; sourceTree = "<group>"; };
		130289621237AE8F0083C2BC /* CJSONDataSerializer.m */ = {isa = PBXFileReference; fileEncoding = 4; lastKnownFileType = sourcecode.c.objc; path = CJSONDataSerializer.m; sourceTree = "<group>"; };
		130289631237AE8F0083C2BC /* CJSONDeserializer.h */ = {isa = PBXFileReference; fileEncoding = 4; lastKnownFileType = sourcecode.c.h; path = CJSONDeserializer.h; sourceTree = "<group>"; };
		130289641237AE8F0083C2BC /* CJSONDeserializer.m */ = {isa = PBXFileReference; fileEncoding = 4; lastKnownFileType = sourcecode.c.objc; path = CJSONDeserializer.m; sourceTree = "<group>"; };
		130289651237AE8F0083C2BC /* CJSONScanner.h */ = {isa = PBXFileReference; fileEncoding = 4; lastKnownFileType = sourcecode.c.h; path = CJSONScanner.h; sourceTree = "<group>"; };
		130289661237AE8F0083C2BC /* CJSONScanner.m */ = {isa = PBXFileReference; fileEncoding = 4; lastKnownFileType = sourcecode.c.objc; path = CJSONScanner.m; sourceTree = "<group>"; };
		130289671237AE8F0083C2BC /* CJSONSerializer.h */ = {isa = PBXFileReference; fileEncoding = 4; lastKnownFileType = sourcecode.c.h; path = CJSONSerializer.h; sourceTree = "<group>"; };
		130289681237AE8F0083C2BC /* CJSONSerializer.m */ = {isa = PBXFileReference; fileEncoding = 4; lastKnownFileType = sourcecode.c.objc; path = CJSONSerializer.m; sourceTree = "<group>"; };
		130289691237AE8F0083C2BC /* CSerializedJSONData.h */ = {isa = PBXFileReference; fileEncoding = 4; lastKnownFileType = sourcecode.c.h; path = CSerializedJSONData.h; sourceTree = "<group>"; };
		1302896A1237AE8F0083C2BC /* CSerializedJSONData.m */ = {isa = PBXFileReference; fileEncoding = 4; lastKnownFileType = sourcecode.c.objc; path = CSerializedJSONData.m; sourceTree = "<group>"; };
		13028AD31237B8C80083C2BC /* AudioToolbox.framework */ = {isa = PBXFileReference; lastKnownFileType = wrapper.framework; name = AudioToolbox.framework; path = System/Library/Frameworks/AudioToolbox.framework; sourceTree = SDKROOT; };
		13028AD51237B8C80083C2BC /* MediaPlayer.framework */ = {isa = PBXFileReference; lastKnownFileType = wrapper.framework; name = MediaPlayer.framework; path = System/Library/Frameworks/MediaPlayer.framework; sourceTree = SDKROOT; };
		13028ADB1237B8E10083C2BC /* MessageUI.framework */ = {isa = PBXFileReference; lastKnownFileType = wrapper.framework; name = MessageUI.framework; path = System/Library/Frameworks/MessageUI.framework; sourceTree = SDKROOT; };
		13028ADD1237B8E10083C2BC /* QuartzCore.framework */ = {isa = PBXFileReference; lastKnownFileType = wrapper.framework; name = QuartzCore.framework; path = System/Library/Frameworks/QuartzCore.framework; sourceTree = SDKROOT; };
		130D51B812579FBD00EF1F0E /* welcome.html */ = {isa = PBXFileReference; fileEncoding = 4; lastKnownFileType = text.html; path = welcome.html; sourceTree = "<group>"; };
		130D51B912579FBD00EF1F0E /* style.css */ = {isa = PBXFileReference; fileEncoding = 4; lastKnownFileType = text.css; path = style.css; sourceTree = "<group>"; };
		130D51C91257A0E100EF1F0E /* index.html */ = {isa = PBXFileReference; fileEncoding = 4; lastKnownFileType = text.html; path = index.html; sourceTree = "<group>"; };
		130D53FC1257AEF400EF1F0E /* script.js */ = {isa = PBXFileReference; fileEncoding = 4; lastKnownFileType = sourcecode.javascript; path = script.js; sourceTree = "<group>"; };
		130F35441258ACA0007861E2 /* direcotry.txt */ = {isa = PBXFileReference; fileEncoding = 4; lastKnownFileType = text; path = direcotry.txt; sourceTree = "<group>"; };
		130F35971258AF57007861E2 /* delete.txt */ = {isa = PBXFileReference; fileEncoding = 4; lastKnownFileType = text; path = delete.txt; sourceTree = "<group>"; };
		13174DDF1217A1C600FC741F /* DetailViewController.h */ = {isa = PBXFileReference; fileEncoding = 4; lastKnownFileType = sourcecode.c.h; path = DetailViewController.h; sourceTree = "<group>"; };
		13174DE01217A1C600FC741F /* DetailViewController.m */ = {isa = PBXFileReference; fileEncoding = 4; lastKnownFileType = sourcecode.c.objc; path = DetailViewController.m; sourceTree = "<group>"; };
		13174DE11217A1C600FC741F /* RootViewController.h */ = {isa = PBXFileReference; fileEncoding = 4; lastKnownFileType = sourcecode.c.h; path = RootViewController.h; sourceTree = "<group>"; };
		13174DE21217A1C600FC741F /* RootViewController.m */ = {isa = PBXFileReference; fileEncoding = 4; lastKnownFileType = sourcecode.c.objc; path = RootViewController.m; sourceTree = "<group>"; };
		13645F3C123908E6002BC640 /* EdhitaPrivateCommon.h */ = {isa = PBXFileReference; fileEncoding = 4; lastKnownFileType = sourcecode.c.h; path = EdhitaPrivateCommon.h; sourceTree = "<group>"; };
		13D478FE1250EBD20078A651 /* FTPLocalTableController.h */ = {isa = PBXFileReference; fileEncoding = 4; lastKnownFileType = sourcecode.c.h; path = FTPLocalTableController.h; sourceTree = "<group>"; };
		13D478FF1250EBD20078A651 /* FTPLocalTableController.m */ = {isa = PBXFileReference; fileEncoding = 4; lastKnownFileType = sourcecode.c.objc; path = FTPLocalTableController.m; sourceTree = "<group>"; };
		13D479011250EBE30078A651 /* FTPRemoteTableController.h */ = {isa = PBXFileReference; fileEncoding = 4; lastKnownFileType = sourcecode.c.h; path = FTPRemoteTableController.h; sourceTree = "<group>"; };
		13D479021250EBE30078A651 /* FTPRemoteTableController.m */ = {isa = PBXFileReference; fileEncoding = 4; lastKnownFileType = sourcecode.c.objc; path = FTPRemoteTableController.m; sourceTree = "<group>"; };
		13D479041250EC5C0078A651 /* FTPLocalNavigationController.h */ = {isa = PBXFileReference; fileEncoding = 4; lastKnownFileType = sourcecode.c.h; path = FTPLocalNavigationController.h; sourceTree = "<group>"; };
		13D479051250EC5C0078A651 /* FTPLocalNavigationController.m */ = {isa = PBXFileReference; fileEncoding = 4; lastKnownFileType = sourcecode.c.objc; path = FTPLocalNavigationController.m; sourceTree = "<group>"; };
		13D479071250EC690078A651 /* FTPRemoteNavigationController.h */ = {isa = PBXFileReference; fileEncoding = 4; lastKnownFileType = sourcecode.c.h; path = FTPRemoteNavigationController.h; sourceTree = "<group>"; };
		13D479081250EC690078A651 /* FTPRemoteNavigationController.m */ = {isa = PBXFileReference; fileEncoding = 4; lastKnownFileType = sourcecode.c.objc; path = FTPRemoteNavigationController.m; sourceTree = "<group>"; };
		13F0F53F1257C39D007D7386 /* download.png */ = {isa = PBXFileReference; lastKnownFileType = image.png; path = download.png; sourceTree = "<group>"; };
		13F1C242122AAE9100027068 /* arrow_left.png */ = {isa = PBXFileReference; lastKnownFileType = image.png; path = arrow_left.png; sourceTree = "<group>"; };
		13F1C243122AAE9100027068 /* arrow_right.png */ = {isa = PBXFileReference; lastKnownFileType = image.png; path = arrow_right.png; sourceTree = "<group>"; };
		13F214EE121FFB5800F38E30 /* EdhitaFileViewController.h */ = {isa = PBXFileReference; fileEncoding = 4; lastKnownFileType = sourcecode.c.h; path = EdhitaFileViewController.h; sourceTree = "<group>"; };
		13F214EF121FFB5800F38E30 /* EdhitaFileViewController.m */ = {isa = PBXFileReference; fileEncoding = 4; lastKnownFileType = sourcecode.c.objc; path = EdhitaFileViewController.m; sourceTree = "<group>"; };
		13F340B9122A4C02007264FD /* EdhitaAccessoryView.h */ = {isa = PBXFileReference; fileEncoding = 4; lastKnownFileType = sourcecode.c.h; path = EdhitaAccessoryView.h; sourceTree = "<group>"; };
		13F340BA122A4C02007264FD /* EdhitaAccessoryView.m */ = {isa = PBXFileReference; fileEncoding = 4; lastKnownFileType = sourcecode.c.objc; path = EdhitaAccessoryView.m; sourceTree = "<group>"; };
		13F43A0112618DC000678F48 /* EditorSplitViewController.h */ = {isa = PBXFileReference; fileEncoding = 4; lastKnownFileType = sourcecode.c.h; path = EditorSplitViewController.h; sourceTree = "<group>"; };
		13F43A0212618DC000678F48 /* EditorSplitViewController.m */ = {isa = PBXFileReference; fileEncoding = 4; lastKnownFileType = sourcecode.c.objc; path = EditorSplitViewController.m; sourceTree = "<group>"; };
		13F9A46B1260A70200383AD7 /* FTPSplitViewController.h */ = {isa = PBXFileReference; fileEncoding = 4; lastKnownFileType = sourcecode.c.h; path = FTPSplitViewController.h; sourceTree = "<group>"; };
		13F9A46C1260A70200383AD7 /* FTPSplitViewController.m */ = {isa = PBXFileReference; fileEncoding = 4; lastKnownFileType = sourcecode.c.objc; path = FTPSplitViewController.m; sourceTree = "<group>"; };
		13F9A6B01260CB0000383AD7 /* CFNetwork.framework */ = {isa = PBXFileReference; lastKnownFileType = wrapper.framework; name = CFNetwork.framework; path = System/Library/Frameworks/CFNetwork.framework; sourceTree = SDKROOT; };
		13FC0DCD122A0C1200FB0693 /* Settings.bundle */ = {isa = PBXFileReference; lastKnownFileType = "wrapper.plug-in"; path = Settings.bundle; sourceTree = "<group>"; };
		1D30AB110D05D00D00671497 /* Foundation.framework */ = {isa = PBXFileReference; lastKnownFileType = wrapper.framework; name = Foundation.framework; path = System/Library/Frameworks/Foundation.framework; sourceTree = SDKROOT; };
		1D3623240D0F684500981E51 /* EdhitaAppDelegate.h */ = {isa = PBXFileReference; fileEncoding = 4; lastKnownFileType = sourcecode.c.h; path = EdhitaAppDelegate.h; sourceTree = "<group>"; };
		1D3623250D0F684500981E51 /* EdhitaAppDelegate.m */ = {isa = PBXFileReference; fileEncoding = 4; lastKnownFileType = sourcecode.c.objc; path = EdhitaAppDelegate.m; sourceTree = "<group>"; };
		1D6058910D05DD3D006BFB54 /* Edhita.app */ = {isa = PBXFileReference; explicitFileType = wrapper.application; includeInIndex = 0; path = Edhita.app; sourceTree = BUILT_PRODUCTS_DIR; };
		1DF5F4DF0D08C38300B7A737 /* UIKit.framework */ = {isa = PBXFileReference; lastKnownFileType = wrapper.framework; name = UIKit.framework; path = System/Library/Frameworks/UIKit.framework; sourceTree = SDKROOT; };
		288765FC0DF74451002DB57D /* CoreGraphics.framework */ = {isa = PBXFileReference; lastKnownFileType = wrapper.framework; name = CoreGraphics.framework; path = System/Library/Frameworks/CoreGraphics.framework; sourceTree = SDKROOT; };
		29B97316FDCFA39411CA2CEA /* main.m */ = {isa = PBXFileReference; fileEncoding = 4; lastKnownFileType = sourcecode.c.objc; path = main.m; sourceTree = "<group>"; };
		32CA4F630368D1EE00C91783 /* Edhita_Prefix.pch */ = {isa = PBXFileReference; fileEncoding = 4; lastKnownFileType = sourcecode.c.h; path = Edhita_Prefix.pch; sourceTree = "<group>"; };
		8D1107310486CEB800E47090 /* Edhita-Info.plist */ = {isa = PBXFileReference; fileEncoding = 4; lastKnownFileType = text.plist.xml; path = "Edhita-Info.plist"; plistStructureDefinitionIdentifier = "com.apple.xcode.plist.structure-definition.iphone.info-plist"; sourceTree = "<group>"; };
/* End PBXFileReference section */

/* Begin PBXFrameworksBuildPhase section */
		1D60588F0D05DD3D006BFB54 /* Frameworks */ = {
			isa = PBXFrameworksBuildPhase;
			buildActionMask = 2147483647;
			files = (
				1D60589F0D05DD5A006BFB54 /* Foundation.framework in Frameworks */,
				1DF5F4E00D08C38300B7A737 /* UIKit.framework in Frameworks */,
				288765FD0DF74451002DB57D /* CoreGraphics.framework in Frameworks */,
				1302894C1237AD590083C2BC /* libAdMob.a in Frameworks */,
				13028AD41237B8C80083C2BC /* AudioToolbox.framework in Frameworks */,
				13028AD61237B8C80083C2BC /* MediaPlayer.framework in Frameworks */,
				13028ADC1237B8E10083C2BC /* MessageUI.framework in Frameworks */,
				13028ADE1237B8E10083C2BC /* QuartzCore.framework in Frameworks */,
				13F9A6B11260CB0000383AD7 /* CFNetwork.framework in Frameworks */,
			);
			runOnlyForDeploymentPostprocessing = 0;
		};
/* End PBXFrameworksBuildPhase section */

/* Begin PBXGroup section */
		080E96DDFE201D6D7F000001 /* Classes */ = {
			isa = PBXGroup;
			children = (
				13174DDF1217A1C600FC741F /* DetailViewController.h */,
				13174DE01217A1C600FC741F /* DetailViewController.m */,
				13174DE11217A1C600FC741F /* RootViewController.h */,
				13174DE21217A1C600FC741F /* RootViewController.m */,
				1D3623240D0F684500981E51 /* EdhitaAppDelegate.h */,
				1D3623250D0F684500981E51 /* EdhitaAppDelegate.m */,
				1301C449121F63BF009C9FFE /* EdhitaNavigationController.h */,
				1301C44A121F63BF009C9FFE /* EdhitaNavigationController.m */,
				13F214EE121FFB5800F38E30 /* EdhitaFileViewController.h */,
				13F214EF121FFB5800F38E30 /* EdhitaFileViewController.m */,
				13F340B9122A4C02007264FD /* EdhitaAccessoryView.h */,
				13F340BA122A4C02007264FD /* EdhitaAccessoryView.m */,
				13645F3C123908E6002BC640 /* EdhitaPrivateCommon.h */,
				13D478FE1250EBD20078A651 /* FTPLocalTableController.h */,
				13D478FF1250EBD20078A651 /* FTPLocalTableController.m */,
				13D479011250EBE30078A651 /* FTPRemoteTableController.h */,
				13D479021250EBE30078A651 /* FTPRemoteTableController.m */,
				13D479041250EC5C0078A651 /* FTPLocalNavigationController.h */,
				13D479051250EC5C0078A651 /* FTPLocalNavigationController.m */,
				13D479071250EC690078A651 /* FTPRemoteNavigationController.h */,
				13D479081250EC690078A651 /* FTPRemoteNavigationController.m */,
				13F9A46B1260A70200383AD7 /* FTPSplitViewController.h */,
				13F9A46C1260A70200383AD7 /* FTPSplitViewController.m */,
				13F43A0112618DC000678F48 /* EditorSplitViewController.h */,
				13F43A0212618DC000678F48 /* EditorSplitViewController.m */,
			);
			path = Classes;
			sourceTree = "<group>";
		};
		130289481237AD590083C2BC /* AdMob */ = {
			isa = PBXGroup;
			children = (
				130289491237AD590083C2BC /* AdMobDelegateProtocol.h */,
				1302894A1237AD590083C2BC /* AdMobView.h */,
				1302894B1237AD590083C2BC /* libAdMob.a */,
			);
			path = AdMob;
			sourceTree = "<group>";
		};
		130289541237AE8F0083C2BC /* TouchJSON */ = {
			isa = PBXGroup;
			children = (
				130289551237AE8F0083C2BC /* CDataScanner.h */,
				130289561237AE8F0083C2BC /* CDataScanner.m */,
				130289571237AE8F0083C2BC /* Extensions */,
				130289601237AE8F0083C2BC /* JSON */,
			);
			path = TouchJSON;
			sourceTree = "<group>";
		};
		130289571237AE8F0083C2BC /* Extensions */ = {
			isa = PBXGroup;
			children = (
				130289581237AE8F0083C2BC /* CDataScanner_Extensions.h */,
				130289591237AE8F0083C2BC /* CDataScanner_Extensions.m */,
				1302895A1237AE8F0083C2BC /* NSCharacterSet_Extensions.h */,
				1302895B1237AE8F0083C2BC /* NSCharacterSet_Extensions.m */,
				1302895C1237AE8F0083C2BC /* NSDictionary_JSONExtensions.h */,
				1302895D1237AE8F0083C2BC /* NSDictionary_JSONExtensions.m */,
				1302895E1237AE8F0083C2BC /* NSScanner_Extensions.h */,
				1302895F1237AE8F0083C2BC /* NSScanner_Extensions.m */,
			);
			path = Extensions;
			sourceTree = "<group>";
		};
		130289601237AE8F0083C2BC /* JSON */ = {
			isa = PBXGroup;
			children = (
				130289611237AE8F0083C2BC /* CJSONDataSerializer.h */,
				130289621237AE8F0083C2BC /* CJSONDataSerializer.m */,
				130289631237AE8F0083C2BC /* CJSONDeserializer.h */,
				130289641237AE8F0083C2BC /* CJSONDeserializer.m */,
				130289651237AE8F0083C2BC /* CJSONScanner.h */,
				130289661237AE8F0083C2BC /* CJSONScanner.m */,
				130289671237AE8F0083C2BC /* CJSONSerializer.h */,
				130289681237AE8F0083C2BC /* CJSONSerializer.m */,
				130289691237AE8F0083C2BC /* CSerializedJSONData.h */,
				1302896A1237AE8F0083C2BC /* CSerializedJSONData.m */,
			);
			path = JSON;
			sourceTree = "<group>";
		};
		19C28FACFE9D520D11CA2CBB /* Products */ = {
			isa = PBXGroup;
			children = (
				1D6058910D05DD3D006BFB54 /* Edhita.app */,
			);
			name = Products;
			sourceTree = "<group>";
		};
		29B97314FDCFA39411CA2CEA /* CustomTemplate */ = {
			isa = PBXGroup;
			children = (
				130289541237AE8F0083C2BC /* TouchJSON */,
				130289481237AD590083C2BC /* AdMob */,
				080E96DDFE201D6D7F000001 /* Classes */,
				29B97315FDCFA39411CA2CEA /* Other Sources */,
				29B97317FDCFA39411CA2CEA /* Resources */,
				29B97323FDCFA39411CA2CEA /* Frameworks */,
				19C28FACFE9D520D11CA2CBB /* Products */,
				13F9A6B01260CB0000383AD7 /* CFNetwork.framework */,
			);
			name = CustomTemplate;
			sourceTree = "<group>";
		};
		29B97315FDCFA39411CA2CEA /* Other Sources */ = {
			isa = PBXGroup;
			children = (
				32CA4F630368D1EE00C91783 /* Edhita_Prefix.pch */,
				29B97316FDCFA39411CA2CEA /* main.m */,
			);
			name = "Other Sources";
			sourceTree = "<group>";
		};
		29B97317FDCFA39411CA2CEA /* Resources */ = {
			isa = PBXGroup;
			children = (
				13F0F53F1257C39D007D7386 /* download.png */,
				130D51C91257A0E100EF1F0E /* index.html */,
				130F35441258ACA0007861E2 /* direcotry.txt */,
				130D51B812579FBD00EF1F0E /* welcome.html */,
				1302492F1258C71E00977322 /* Icon.png */,
				130D51B912579FBD00EF1F0E /* style.css */,
				1301C612121F7B86009C9FFE /* file_new.png */,
				1301C613121F7B86009C9FFE /* dir_new.png */,
				8D1107310486CEB800E47090 /* Edhita-Info.plist */,
				13F1C242122AAE9100027068 /* arrow_left.png */,
				130F35971258AF57007861E2 /* delete.txt */,
				130D53FC1257AEF400EF1F0E /* script.js */,
				13F1C243122AAE9100027068 /* arrow_right.png */,
				1301C4C8121F6D65009C9FFE /* file.png */,
				1301C4C9121F6D65009C9FFE /* dir.png */,
				13FC0DCD122A0C1200FB0693 /* Settings.bundle */,
			);
			name = Resources;
			sourceTree = "<group>";
		};
		29B97323FDCFA39411CA2CEA /* Frameworks */ = {
			isa = PBXGroup;
			children = (
				1DF5F4DF0D08C38300B7A737 /* UIKit.framework */,
				1D30AB110D05D00D00671497 /* Foundation.framework */,
				288765FC0DF74451002DB57D /* CoreGraphics.framework */,
				13028AD31237B8C80083C2BC /* AudioToolbox.framework */,
				13028AD51237B8C80083C2BC /* MediaPlayer.framework */,
				13028ADB1237B8E10083C2BC /* MessageUI.framework */,
				13028ADD1237B8E10083C2BC /* QuartzCore.framework */,
			);
			name = Frameworks;
			sourceTree = "<group>";
		};
/* End PBXGroup section */

/* Begin PBXNativeTarget section */
		1D6058900D05DD3D006BFB54 /* Edhita */ = {
			isa = PBXNativeTarget;
			buildConfigurationList = 1D6058960D05DD3E006BFB54 /* Build configuration list for PBXNativeTarget "Edhita" */;
			buildPhases = (
				1D60588D0D05DD3D006BFB54 /* Resources */,
				1D60588E0D05DD3D006BFB54 /* Sources */,
				1D60588F0D05DD3D006BFB54 /* Frameworks */,
			);
			buildRules = (
			);
			dependencies = (
			);
			name = Edhita;
			productName = Edhita;
			productReference = 1D6058910D05DD3D006BFB54 /* Edhita.app */;
			productType = "com.apple.product-type.application";
		};
/* End PBXNativeTarget section */

/* Begin PBXProject section */
		29B97313FDCFA39411CA2CEA /* Project object */ = {
			isa = PBXProject;
			buildConfigurationList = C01FCF4E08A954540054247B /* Build configuration list for PBXProject "Edhita" */;
			compatibilityVersion = "Xcode 3.1";
			hasScannedForEncodings = 1;
			mainGroup = 29B97314FDCFA39411CA2CEA /* CustomTemplate */;
			projectDirPath = "";
			projectRoot = "";
			targets = (
				1D6058900D05DD3D006BFB54 /* Edhita */,
			);
		};
/* End PBXProject section */

/* Begin PBXResourcesBuildPhase section */
		1D60588D0D05DD3D006BFB54 /* Resources */ = {
			isa = PBXResourcesBuildPhase;
			buildActionMask = 2147483647;
			files = (
				1301C4CA121F6D65009C9FFE /* file.png in Resources */,
				130D54141257AEFD00EF1F0E /* script.js in Resources */,
				1301C4CB121F6D65009C9FFE /* dir.png in Resources */,
				1301C614121F7B86009C9FFE /* file_new.png in Resources */,
				1301C615121F7B86009C9FFE /* dir_new.png in Resources */,
				13FC0DCE122A0C1200FB0693 /* Settings.bundle in Resources */,
				13F1C244122AAE9100027068 /* arrow_left.png in Resources */,
				13F1C245122AAE9100027068 /* arrow_right.png in Resources */,
				130D51BA12579FBD00EF1F0E /* welcome.html in Resources */,
				130D51BB12579FBD00EF1F0E /* style.css in Resources */,
				130D51CA1257A0E100EF1F0E /* index.html in Resources */,
				13F0F5401257C39D007D7386 /* download.png in Resources */,
				130F35451258ACA0007861E2 /* direcotry.txt in Resources */,
				130F35981258AF57007861E2 /* delete.txt in Resources */,
				130249301258C71E00977322 /* Icon.png in Resources */,
			);
			runOnlyForDeploymentPostprocessing = 0;
		};
/* End PBXResourcesBuildPhase section */

/* Begin PBXSourcesBuildPhase section */
		1D60588E0D05DD3D006BFB54 /* Sources */ = {
			isa = PBXSourcesBuildPhase;
			buildActionMask = 2147483647;
			files = (
				1D60589B0D05DD56006BFB54 /* main.m in Sources */,
				1D3623260D0F684500981E51 /* EdhitaAppDelegate.m in Sources */,
				13174DE31217A1C600FC741F /* DetailViewController.m in Sources */,
				13174DE41217A1C700FC741F /* RootViewController.m in Sources */,
				1301C44B121F63BF009C9FFE /* EdhitaNavigationController.m in Sources */,
				13F214F0121FFB5800F38E30 /* EdhitaFileViewController.m in Sources */,
				13F340BB122A4C02007264FD /* EdhitaAccessoryView.m in Sources */,
				1302896B1237AE8F0083C2BC /* CDataScanner.m in Sources */,
				1302896C1237AE8F0083C2BC /* CDataScanner_Extensions.m in Sources */,
				1302896D1237AE8F0083C2BC /* NSCharacterSet_Extensions.m in Sources */,
				1302896E1237AE8F0083C2BC /* NSDictionary_JSONExtensions.m in Sources */,
				1302896F1237AE8F0083C2BC /* NSScanner_Extensions.m in Sources */,
				130289701237AE8F0083C2BC /* CJSONDataSerializer.m in Sources */,
				130289711237AE8F0083C2BC /* CJSONDeserializer.m in Sources */,
				130289721237AE8F0083C2BC /* CJSONScanner.m in Sources */,
				130289731237AE8F0083C2BC /* CJSONSerializer.m in Sources */,
				130289741237AE8F0083C2BC /* CSerializedJSONData.m in Sources */,
				13D479001250EBD20078A651 /* FTPLocalTableController.m in Sources */,
				13D479031250EBE30078A651 /* FTPRemoteTableController.m in Sources */,
				13D479061250EC5C0078A651 /* FTPLocalNavigationController.m in Sources */,
				13D479091250EC690078A651 /* FTPRemoteNavigationController.m in Sources */,
				13F9A46D1260A70200383AD7 /* FTPSplitViewController.m in Sources */,
				13F43A0312618DC000678F48 /* EditorSplitViewController.m in Sources */,
			);
			runOnlyForDeploymentPostprocessing = 0;
		};
/* End PBXSourcesBuildPhase section */

/* Begin XCBuildConfiguration section */
		13FD8EA5126AC1C800343D19 /* Distribution */ = {
			isa = XCBuildConfiguration;
			buildSettings = {
				ARCHS = "$(ARCHS_UNIVERSAL_IPHONE_OS)";
				"CODE_SIGN_IDENTITY[sdk=iphoneos*]" = "iPhone Distribution";
				GCC_C_LANGUAGE_STANDARD = c99;
				GCC_WARN_ABOUT_RETURN_TYPE = YES;
				GCC_WARN_UNUSED_VARIABLE = YES;
				OTHER_CFLAGS = "-DNS_BLOCK_ASSERTIONS=1";
				PREBINDING = NO;
				"PROVISIONING_PROFILE[sdk=iphoneos*]" = "";
				SDKROOT = iphoneos3.2;
				TARGETED_DEVICE_FAMILY = 2;
			};
			name = Distribution;
		};
		13FD8EA6126AC1C800343D19 /* Distribution */ = {
			isa = XCBuildConfiguration;
			buildSettings = {
				ALWAYS_SEARCH_USER_PATHS = NO;
				COPY_PHASE_STRIP = YES;
				GCC_PRECOMPILE_PREFIX_HEADER = YES;
				GCC_PREFIX_HEADER = Edhita_Prefix.pch;
				INFOPLIST_FILE = "Edhita-Info.plist";
				LIBRARY_SEARCH_PATHS = (
					"$(inherited)",
					"\"$(SRCROOT)/AdMob\"",
				);
				PRODUCT_NAME = Edhita;
				VALIDATE_PRODUCT = YES;
			};
			name = Distribution;
		};
		1D6058940D05DD3E006BFB54 /* Debug */ = {
			isa = XCBuildConfiguration;
			buildSettings = {
				ALWAYS_SEARCH_USER_PATHS = NO;
				COPY_PHASE_STRIP = NO;
				GCC_DYNAMIC_NO_PIC = NO;
				GCC_OPTIMIZATION_LEVEL = 0;
				GCC_PRECOMPILE_PREFIX_HEADER = YES;
				GCC_PREFIX_HEADER = Edhita_Prefix.pch;
				INFOPLIST_FILE = "Edhita-Info.plist";
				LIBRARY_SEARCH_PATHS = (
					"$(inherited)",
					"\"$(SRCROOT)/AdMob\"",
				);
				PRODUCT_NAME = Edhita;
			};
			name = Debug;
		};
		1D6058950D05DD3E006BFB54 /* Release */ = {
			isa = XCBuildConfiguration;
			buildSettings = {
				ALWAYS_SEARCH_USER_PATHS = NO;
				COPY_PHASE_STRIP = YES;
				GCC_PRECOMPILE_PREFIX_HEADER = YES;
				GCC_PREFIX_HEADER = Edhita_Prefix.pch;
				INFOPLIST_FILE = "Edhita-Info.plist";
				LIBRARY_SEARCH_PATHS = (
					"$(inherited)",
					"\"$(SRCROOT)/AdMob\"",
				);
				PRODUCT_NAME = Edhita;
				VALIDATE_PRODUCT = YES;
			};
			name = Release;
		};
		C01FCF4F08A954540054247B /* Debug */ = {
			isa = XCBuildConfiguration;
			buildSettings = {
				ARCHS = "$(ARCHS_UNIVERSAL_IPHONE_OS)";
				"CODE_SIGN_IDENTITY[sdk=iphoneos*]" = "iPhone Developer";
				GCC_C_LANGUAGE_STANDARD = c99;
				GCC_WARN_ABOUT_RETURN_TYPE = YES;
				GCC_WARN_UNUSED_VARIABLE = YES;
				PREBINDING = NO;
				SDKROOT = iphoneos3.2;
				TARGETED_DEVICE_FAMILY = 2;
			};
			name = Debug;
		};
		C01FCF5008A954540054247B /* Release */ = {
			isa = XCBuildConfiguration;
			buildSettings = {
				ARCHS = "$(ARCHS_UNIVERSAL_IPHONE_OS)";
				"CODE_SIGN_IDENTITY[sdk=iphoneos*]" = "iPhone Distribution";
				GCC_C_LANGUAGE_STANDARD = c99;
				GCC_WARN_ABOUT_RETURN_TYPE = YES;
				GCC_WARN_UNUSED_VARIABLE = YES;
				OTHER_CFLAGS = "-DNS_BLOCK_ASSERTIONS=1";
				PREBINDING = NO;
				"PROVISIONING_PROFILE[sdk=iphoneos*]" = "";
				SDKROOT = iphoneos3.2;
				TARGETED_DEVICE_FAMILY = 2;
			};
			name = Release;
		};
/* End XCBuildConfiguration section */

/* Begin XCConfigurationList section */
		1D6058960D05DD3E006BFB54 /* Build configuration list for PBXNativeTarget "Edhita" */ = {
			isa = XCConfigurationList;
			buildConfigurations = (
				1D6058940D05DD3E006BFB54 /* Debug */,
				1D6058950D05DD3E006BFB54 /* Release */,
				13FD8EA6126AC1C800343D19 /* Distribution */,
			);
			defaultConfigurationIsVisible = 0;
			defaultConfigurationName = Release;
		};
		C01FCF4E08A954540054247B /* Build configuration list for PBXProject "Edhita" */ = {
			isa = XCConfigurationList;
			buildConfigurations = (
				C01FCF4F08A954540054247B /* Debug */,
				C01FCF5008A954540054247B /* Release */,
				13FD8EA5126AC1C800343D19 /* Distribution */,
			);
			defaultConfigurationIsVisible = 0;
			defaultConfigurationName = Release;
		};
/* End XCConfigurationList section */
	};
	rootObject = 29B97313FDCFA39411CA2CEA /* Project object */;
}
