// !$*UTF8*$!
{
	archiveVersion = 1;
	classes = {
	};
	objectVersion = 45;
	objects = {

/* Begin PBXBuildFile section */
		1301C44B121F63BF009C9FFE /* EdhitaNavigationController.m in Sources */ = {isa = PBXBuildFile; fileRef = 1301C44A121F63BF009C9FFE /* EdhitaNavigationController.m */; };
		1301C4CA121F6D65009C9FFE /* file.png in Resources */ = {isa = PBXBuildFile; fileRef = 1301C4C8121F6D65009C9FFE /* file.png */; };
		1301C4CB121F6D65009C9FFE /* dir.png in Resources */ = {isa = PBXBuildFile; fileRef = 1301C4C9121F6D65009C9FFE /* dir.png */; };
		1301C614121F7B86009C9FFE /* file_new.png in Resources */ = {isa = PBXBuildFile; fileRef = 1301C612121F7B86009C9FFE /* file_new.png */; };
		1301C615121F7B86009C9FFE /* dir_new.png in Resources */ = {isa = PBXBuildFile; fileRef = 1301C613121F7B86009C9FFE /* dir_new.png */; };
		13174DE31217A1C600FC741F /* DetailViewController.m in Sources */ = {isa = PBXBuildFile; fileRef = 13174DE01217A1C600FC741F /* DetailViewController.m */; };
		13174DE41217A1C700FC741F /* RootViewController.m in Sources */ = {isa = PBXBuildFile; fileRef = 13174DE21217A1C600FC741F /* RootViewController.m */; };
		13F214F0121FFB5800F38E30 /* EdhitaTableViewController.m in Sources */ = {isa = PBXBuildFile; fileRef = 13F214EF121FFB5800F38E30 /* EdhitaTableViewController.m */; };
		13F340BB122A4C02007264FD /* EdhitaAccessoryView.m in Sources */ = {isa = PBXBuildFile; fileRef = 13F340BA122A4C02007264FD /* EdhitaAccessoryView.m */; };
		13FC0DCE122A0C1200FB0693 /* Settings.bundle in Resources */ = {isa = PBXBuildFile; fileRef = 13FC0DCD122A0C1200FB0693 /* Settings.bundle */; };
		1D3623260D0F684500981E51 /* EdhitaAppDelegate.m in Sources */ = {isa = PBXBuildFile; fileRef = 1D3623250D0F684500981E51 /* EdhitaAppDelegate.m */; };
		1D60589B0D05DD56006BFB54 /* main.m in Sources */ = {isa = PBXBuildFile; fileRef = 29B97316FDCFA39411CA2CEA /* main.m */; };
		1D60589F0D05DD5A006BFB54 /* Foundation.framework in Frameworks */ = {isa = PBXBuildFile; fileRef = 1D30AB110D05D00D00671497 /* Foundation.framework */; };
		1DF5F4E00D08C38300B7A737 /* UIKit.framework in Frameworks */ = {isa = PBXBuildFile; fileRef = 1DF5F4DF0D08C38300B7A737 /* UIKit.framework */; };
		288765FD0DF74451002DB57D /* CoreGraphics.framework in Frameworks */ = {isa = PBXBuildFile; fileRef = 288765FC0DF74451002DB57D /* CoreGraphics.framework */; };
/* End PBXBuildFile section */

/* Begin PBXFileReference section */
		1301C449121F63BF009C9FFE /* EdhitaNavigationController.h */ = {isa = PBXFileReference; fileEncoding = 4; lastKnownFileType = sourcecode.c.h; path = EdhitaNavigationController.h; sourceTree = "<group>"; };
		1301C44A121F63BF009C9FFE /* EdhitaNavigationController.m */ = {isa = PBXFileReference; fileEncoding = 4; lastKnownFileType = sourcecode.c.objc; path = EdhitaNavigationController.m; sourceTree = "<group>"; };
		1301C4C8121F6D65009C9FFE /* file.png */ = {isa = PBXFileReference; lastKnownFileType = image.png; path = file.png; sourceTree = "<group>"; };
		1301C4C9121F6D65009C9FFE /* dir.png */ = {isa = PBXFileReference; lastKnownFileType = image.png; path = dir.png; sourceTree = "<group>"; };
		1301C612121F7B86009C9FFE /* file_new.png */ = {isa = PBXFileReference; lastKnownFileType = image.png; path = file_new.png; sourceTree = "<group>"; };
		1301C613121F7B86009C9FFE /* dir_new.png */ = {isa = PBXFileReference; lastKnownFileType = image.png; path = dir_new.png; sourceTree = "<group>"; };
		13174DDF1217A1C600FC741F /* DetailViewController.h */ = {isa = PBXFileReference; fileEncoding = 4; lastKnownFileType = sourcecode.c.h; path = DetailViewController.h; sourceTree = "<group>"; };
		13174DE01217A1C600FC741F /* DetailViewController.m */ = {isa = PBXFileReference; fileEncoding = 4; lastKnownFileType = sourcecode.c.objc; path = DetailViewController.m; sourceTree = "<group>"; };
		13174DE11217A1C600FC741F /* RootViewController.h */ = {isa = PBXFileReference; fileEncoding = 4; lastKnownFileType = sourcecode.c.h; path = RootViewController.h; sourceTree = "<group>"; };
		13174DE21217A1C600FC741F /* RootViewController.m */ = {isa = PBXFileReference; fileEncoding = 4; lastKnownFileType = sourcecode.c.objc; path = RootViewController.m; sourceTree = "<group>"; };
		13F214EE121FFB5800F38E30 /* EdhitaTableViewController.h */ = {isa = PBXFileReference; fileEncoding = 4; lastKnownFileType = sourcecode.c.h; path = EdhitaTableViewController.h; sourceTree = "<group>"; };
		13F214EF121FFB5800F38E30 /* EdhitaTableViewController.m */ = {isa = PBXFileReference; fileEncoding = 4; lastKnownFileType = sourcecode.c.objc; path = EdhitaTableViewController.m; sourceTree = "<group>"; };
		13F340B9122A4C02007264FD /* EdhitaAccessoryView.h */ = {isa = PBXFileReference; fileEncoding = 4; lastKnownFileType = sourcecode.c.h; path = EdhitaAccessoryView.h; sourceTree = "<group>"; };
		13F340BA122A4C02007264FD /* EdhitaAccessoryView.m */ = {isa = PBXFileReference; fileEncoding = 4; lastKnownFileType = sourcecode.c.objc; path = EdhitaAccessoryView.m; sourceTree = "<group>"; };
		13FC0DCD122A0C1200FB0693 /* Settings.bundle */ = {isa = PBXFileReference; lastKnownFileType = "wrapper.plug-in"; path = Settings.bundle; sourceTree = "<group>"; };
		1D30AB110D05D00D00671497 /* Foundation.framework */ = {isa = PBXFileReference; lastKnownFileType = wrapper.framework; name = Foundation.framework; path = System/Library/Frameworks/Foundation.framework; sourceTree = SDKROOT; };
		1D3623240D0F684500981E51 /* EdhitaAppDelegate.h */ = {isa = PBXFileReference; fileEncoding = 4; lastKnownFileType = sourcecode.c.h; path = EdhitaAppDelegate.h; sourceTree = "<group>"; };
		1D3623250D0F684500981E51 /* EdhitaAppDelegate.m */ = {isa = PBXFileReference; fileEncoding = 4; lastKnownFileType = sourcecode.c.objc; path = EdhitaAppDelegate.m; sourceTree = "<group>"; };
		1D6058910D05DD3D006BFB54 /* Edhita.app */ = {isa = PBXFileReference; explicitFileType = wrapper.application; includeInIndex = 0; path = Edhita.app; sourceTree = BUILT_PRODUCTS_DIR; };
		1DF5F4DF0D08C38300B7A737 /* UIKit.framework */ = {isa = PBXFileReference; lastKnownFileType = wrapper.framework; name = UIKit.framework; path = System/Library/Frameworks/UIKit.framework; sourceTree = SDKROOT; };
		288765FC0DF74451002DB57D /* CoreGraphics.framework */ = {isa = PBXFileReference; lastKnownFileType = wrapper.framework; name = CoreGraphics.framework; path = System/Library/Frameworks/CoreGraphics.framework; sourceTree = SDKROOT; };
		29B97316FDCFA39411CA2CEA /* main.m */ = {isa = PBXFileReference; fileEncoding = 4; lastKnownFileType = sourcecode.c.objc; path = main.m; sourceTree = "<group>"; };
		32CA4F630368D1EE00C91783 /* Edhita_Prefix.pch */ = {isa = PBXFileReference; fileEncoding = 4; lastKnownFileType = sourcecode.c.h; path = Edhita_Prefix.pch; sourceTree = "<group>"; };
		8D1107310486CEB800E47090 /* Edhita-Info.plist */ = {isa = PBXFileReference; fileEncoding = 4; lastKnownFileType = text.plist.xml; path = "Edhita-Info.plist"; plistStructureDefinitionIdentifier = "com.apple.xcode.plist.structure-definition.iphone.info-plist"; sourceTree = "<group>"; };
/* End PBXFileReference section */

/* Begin PBXFrameworksBuildPhase section */
		1D60588F0D05DD3D006BFB54 /* Frameworks */ = {
			isa = PBXFrameworksBuildPhase;
			buildActionMask = 2147483647;
			files = (
				1D60589F0D05DD5A006BFB54 /* Foundation.framework in Frameworks */,
				1DF5F4E00D08C38300B7A737 /* UIKit.framework in Frameworks */,
				288765FD0DF74451002DB57D /* CoreGraphics.framework in Frameworks */,
			);
			runOnlyForDeploymentPostprocessing = 0;
		};
/* End PBXFrameworksBuildPhase section */

/* Begin PBXGroup section */
		080E96DDFE201D6D7F000001 /* Classes */ = {
			isa = PBXGroup;
			children = (
				13174DDF1217A1C600FC741F /* DetailViewController.h */,
				13174DE01217A1C600FC741F /* DetailViewController.m */,
				13174DE11217A1C600FC741F /* RootViewController.h */,
				13174DE21217A1C600FC741F /* RootViewController.m */,
				1D3623240D0F684500981E51 /* EdhitaAppDelegate.h */,
				1D3623250D0F684500981E51 /* EdhitaAppDelegate.m */,
				1301C449121F63BF009C9FFE /* EdhitaNavigationController.h */,
				1301C44A121F63BF009C9FFE /* EdhitaNavigationController.m */,
				13F214EE121FFB5800F38E30 /* EdhitaTableViewController.h */,
				13F214EF121FFB5800F38E30 /* EdhitaTableViewController.m */,
				13F340B9122A4C02007264FD /* EdhitaAccessoryView.h */,
				13F340BA122A4C02007264FD /* EdhitaAccessoryView.m */,
			);
			path = Classes;
			sourceTree = "<group>";
		};
		19C28FACFE9D520D11CA2CBB /* Products */ = {
			isa = PBXGroup;
			children = (
				1D6058910D05DD3D006BFB54 /* Edhita.app */,
			);
			name = Products;
			sourceTree = "<group>";
		};
		29B97314FDCFA39411CA2CEA /* CustomTemplate */ = {
			isa = PBXGroup;
			children = (
				080E96DDFE201D6D7F000001 /* Classes */,
				29B97315FDCFA39411CA2CEA /* Other Sources */,
				29B97317FDCFA39411CA2CEA /* Resources */,
				29B97323FDCFA39411CA2CEA /* Frameworks */,
				19C28FACFE9D520D11CA2CBB /* Products */,
			);
			name = CustomTemplate;
			sourceTree = "<group>";
		};
		29B97315FDCFA39411CA2CEA /* Other Sources */ = {
			isa = PBXGroup;
			children = (
				32CA4F630368D1EE00C91783 /* Edhita_Prefix.pch */,
				29B97316FDCFA39411CA2CEA /* main.m */,
			);
			name = "Other Sources";
			sourceTree = "<group>";
		};
		29B97317FDCFA39411CA2CEA /* Resources */ = {
			isa = PBXGroup;
			children = (
				1301C612121F7B86009C9FFE /* file_new.png */,
				1301C613121F7B86009C9FFE /* dir_new.png */,
				8D1107310486CEB800E47090 /* Edhita-Info.plist */,
				1301C4C8121F6D65009C9FFE /* file.png */,
				1301C4C9121F6D65009C9FFE /* dir.png */,
				13FC0DCD122A0C1200FB0693 /* Settings.bundle */,
			);
			name = Resources;
			sourceTree = "<group>";
		};
		29B97323FDCFA39411CA2CEA /* Frameworks */ = {
			isa = PBXGroup;
			children = (
				1DF5F4DF0D08C38300B7A737 /* UIKit.framework */,
				1D30AB110D05D00D00671497 /* Foundation.framework */,
				288765FC0DF74451002DB57D /* CoreGraphics.framework */,
			);
			name = Frameworks;
			sourceTree = "<group>";
		};
/* End PBXGroup section */

/* Begin PBXNativeTarget section */
		1D6058900D05DD3D006BFB54 /* Edhita */ = {
			isa = PBXNativeTarget;
			buildConfigurationList = 1D6058960D05DD3E006BFB54 /* Build configuration list for PBXNativeTarget "Edhita" */;
			buildPhases = (
				1D60588D0D05DD3D006BFB54 /* Resources */,
				1D60588E0D05DD3D006BFB54 /* Sources */,
				1D60588F0D05DD3D006BFB54 /* Frameworks */,
			);
			buildRules = (
			);
			dependencies = (
			);
			name = Edhita;
			productName = Edhita;
			productReference = 1D6058910D05DD3D006BFB54 /* Edhita.app */;
			productType = "com.apple.product-type.application";
		};
/* End PBXNativeTarget section */

/* Begin PBXProject section */
		29B97313FDCFA39411CA2CEA /* Project object */ = {
			isa = PBXProject;
			buildConfigurationList = C01FCF4E08A954540054247B /* Build configuration list for PBXProject "Edhita" */;
			compatibilityVersion = "Xcode 3.1";
			hasScannedForEncodings = 1;
			mainGroup = 29B97314FDCFA39411CA2CEA /* CustomTemplate */;
			projectDirPath = "";
			projectRoot = "";
			targets = (
				1D6058900D05DD3D006BFB54 /* Edhita */,
			);
		};
/* End PBXProject section */

/* Begin PBXResourcesBuildPhase section */
		1D60588D0D05DD3D006BFB54 /* Resources */ = {
			isa = PBXResourcesBuildPhase;
			buildActionMask = 2147483647;
			files = (
				1301C4CA121F6D65009C9FFE /* file.png in Resources */,
				1301C4CB121F6D65009C9FFE /* dir.png in Resources */,
				1301C614121F7B86009C9FFE /* file_new.png in Resources */,
				1301C615121F7B86009C9FFE /* dir_new.png in Resources */,
				13FC0DCE122A0C1200FB0693 /* Settings.bundle in Resources */,
			);
			runOnlyForDeploymentPostprocessing = 0;
		};
/* End PBXResourcesBuildPhase section */

/* Begin PBXSourcesBuildPhase section */
		1D60588E0D05DD3D006BFB54 /* Sources */ = {
			isa = PBXSourcesBuildPhase;
			buildActionMask = 2147483647;
			files = (
				1D60589B0D05DD56006BFB54 /* main.m in Sources */,
				1D3623260D0F684500981E51 /* EdhitaAppDelegate.m in Sources */,
				13174DE31217A1C600FC741F /* DetailViewController.m in Sources */,
				13174DE41217A1C700FC741F /* RootViewController.m in Sources */,
				1301C44B121F63BF009C9FFE /* EdhitaNavigationController.m in Sources */,
				13F214F0121FFB5800F38E30 /* EdhitaTableViewController.m in Sources */,
				13F340BB122A4C02007264FD /* EdhitaAccessoryView.m in Sources */,
			);
			runOnlyForDeploymentPostprocessing = 0;
		};
/* End PBXSourcesBuildPhase section */

/* Begin XCBuildConfiguration section */
		1D6058940D05DD3E006BFB54 /* Debug */ = {
			isa = XCBuildConfiguration;
			buildSettings = {
				ALWAYS_SEARCH_USER_PATHS = NO;
				COPY_PHASE_STRIP = NO;
				GCC_DYNAMIC_NO_PIC = NO;
				GCC_OPTIMIZATION_LEVEL = 0;
				GCC_PRECOMPILE_PREFIX_HEADER = YES;
				GCC_PREFIX_HEADER = Edhita_Prefix.pch;
				INFOPLIST_FILE = "Edhita-Info.plist";
				PRODUCT_NAME = Edhita;
			};
			name = Debug;
		};
		1D6058950D05DD3E006BFB54 /* Release */ = {
			isa = XCBuildConfiguration;
			buildSettings = {
				ALWAYS_SEARCH_USER_PATHS = NO;
				COPY_PHASE_STRIP = YES;
				GCC_PRECOMPILE_PREFIX_HEADER = YES;
				GCC_PREFIX_HEADER = Edhita_Prefix.pch;
				INFOPLIST_FILE = "Edhita-Info.plist";
				PRODUCT_NAME = Edhita;
				VALIDATE_PRODUCT = YES;
			};
			name = Release;
		};
		C01FCF4F08A954540054247B /* Debug */ = {
			isa = XCBuildConfiguration;
			buildSettings = {
				ARCHS = "$(ARCHS_UNIVERSAL_IPHONE_OS)";
				"CODE_SIGN_IDENTITY[sdk=iphoneos*]" = "iPhone Developer";
				GCC_C_LANGUAGE_STANDARD = c99;
				GCC_WARN_ABOUT_RETURN_TYPE = YES;
				GCC_WARN_UNUSED_VARIABLE = YES;
				PREBINDING = NO;
				SDKROOT = iphoneos3.2;
				TARGETED_DEVICE_FAMILY = 2;
			};
			name = Debug;
		};
		C01FCF5008A954540054247B /* Release */ = {
			isa = XCBuildConfiguration;
			buildSettings = {
				ARCHS = "$(ARCHS_UNIVERSAL_IPHONE_OS)";
				"CODE_SIGN_IDENTITY[sdk=iphoneos*]" = "iPhone Developer";
				GCC_C_LANGUAGE_STANDARD = c99;
				GCC_WARN_ABOUT_RETURN_TYPE = YES;
				GCC_WARN_UNUSED_VARIABLE = YES;
				OTHER_CFLAGS = "-DNS_BLOCK_ASSERTIONS=1";
				PREBINDING = NO;
				SDKROOT = iphoneos3.2;
				TARGETED_DEVICE_FAMILY = 2;
			};
			name = Release;
		};
/* End XCBuildConfiguration section */

/* Begin XCConfigurationList section */
		1D6058960D05DD3E006BFB54 /* Build configuration list for PBXNativeTarget "Edhita" */ = {
			isa = XCConfigurationList;
			buildConfigurations = (
				1D6058940D05DD3E006BFB54 /* Debug */,
				1D6058950D05DD3E006BFB54 /* Release */,
			);
			defaultConfigurationIsVisible = 0;
			defaultConfigurationName = Release;
		};
		C01FCF4E08A954540054247B /* Build configuration list for PBXProject "Edhita" */ = {
			isa = XCConfigurationList;
			buildConfigurations = (
				C01FCF4F08A954540054247B /* Debug */,
				C01FCF5008A954540054247B /* Release */,
			);
			defaultConfigurationIsVisible = 0;
			defaultConfigurationName = Release;
		};
/* End XCConfigurationList section */
	};
	rootObject = 29B97313FDCFA39411CA2CEA /* Project object */;
}
