// !$*UTF8*$!
{
	archiveVersion = 1;
	classes = {
	};
	objectVersion = 55;
	objects = {

/* Begin PBXBuildFile section */
		9B37692B288D8D46002392EB /* EdhitaApp.swift in Sources */ = {isa = PBXBuildFile; fileRef = 9B37692A288D8D46002392EB /* EdhitaApp.swift */; };
		9B37692F288D8D47002392EB /* Assets.xcassets in Resources */ = {isa = PBXBuildFile; fileRef = 9B37692E288D8D47002392EB /* Assets.xcassets */; };
		9B376932288D8D47002392EB /* Preview Assets.xcassets in Resources */ = {isa = PBXBuildFile; fileRef = 9B376931288D8D47002392EB /* Preview Assets.xcassets */; };
		9B37693C288D8D47002392EB /* EdhitaTests.swift in Sources */ = {isa = PBXBuildFile; fileRef = 9B37693B288D8D47002392EB /* EdhitaTests.swift */; };
		9B376946288D8D47002392EB /* EdhitaUITests.swift in Sources */ = {isa = PBXBuildFile; fileRef = 9B376945288D8D47002392EB /* EdhitaUITests.swift */; };
		9B376948288D8D47002392EB /* EdhitaUITestsLaunchTests.swift in Sources */ = {isa = PBXBuildFile; fileRef = 9B376947288D8D47002392EB /* EdhitaUITestsLaunchTests.swift */; };
		9B8142C02F13D2810012359C /* PrivacyInfo.xcprivacy in Resources */ = {isa = PBXBuildFile; fileRef = 9B8142BF2F13D2810012359C /* PrivacyInfo.xcprivacy */; };
		9B8FD48F2B0A4976009950B9 /* AdManager.swift in Sources */ = {isa = PBXBuildFile; fileRef = 9B8FD48E2B0A4976009950B9 /* AdManager.swift */; };
		9B8FD4922B0A4A56009950B9 /* GoogleMobileAds in Frameworks */ = {isa = PBXBuildFile; productRef = 9B8FD4912B0A4A56009950B9 /* GoogleMobileAds */; };
		9BFAF5CB288EDAB400AE31AC /* FinderList.swift in Sources */ = {isa = PBXBuildFile; fileRef = 9BFAF5CA288EDAB400AE31AC /* FinderList.swift */; };
		9BFAF5CD288EDAC000AE31AC /* FinderItem.swift in Sources */ = {isa = PBXBuildFile; fileRef = 9BFAF5CC288EDAC000AE31AC /* FinderItem.swift */; };
		9BFAF5CF2890213200AE31AC /* FinderListView.swift in Sources */ = {isa = PBXBuildFile; fileRef = 9BFAF5CE2890213200AE31AC /* FinderListView.swift */; };
		9BFAF5D12890213D00AE31AC /* FinderItemView.swift in Sources */ = {isa = PBXBuildFile; fileRef = 9BFAF5D02890213D00AE31AC /* FinderItemView.swift */; };
		9BFDA6A728902A37007EE921 /* root in Resources */ = {isa = PBXBuildFile; fileRef = 9BFDA6A628902A37007EE921 /* root */; };
		9BFDA6A928903413007EE921 /* EditorView.swift in Sources */ = {isa = PBXBuildFile; fileRef = 9BFDA6A828903413007EE921 /* EditorView.swift */; };
		9BFDA6AB28915D46007EE921 /* PreviewWebView.swift in Sources */ = {isa = PBXBuildFile; fileRef = 9BFDA6AA28915D46007EE921 /* PreviewWebView.swift */; };
		9BFDA6B128928604007EE921 /* Ink in Frameworks */ = {isa = PBXBuildFile; productRef = 9BFDA6B028928604007EE921 /* Ink */; };
		9BFDA6B32895FC95007EE921 /* PromptView.swift in Sources */ = {isa = PBXBuildFile; fileRef = 9BFDA6B22895FC95007EE921 /* PromptView.swift */; };
		9BFDA6B528966785007EE921 /* MoveListView.swift in Sources */ = {isa = PBXBuildFile; fileRef = 9BFDA6B428966785007EE921 /* MoveListView.swift */; };
		9BFDA6B7289804BD007EE921 /* InfoView.swift in Sources */ = {isa = PBXBuildFile; fileRef = 9BFDA6B6289804BD007EE921 /* InfoView.swift */; };
		9BFDA6B928981A76007EE921 /* SafariView.swift in Sources */ = {isa = PBXBuildFile; fileRef = 9BFDA6B828981A76007EE921 /* SafariView.swift */; };
		9BFDA6BB289914A4007EE921 /* FontSettingsView.swift in Sources */ = {isa = PBXBuildFile; fileRef = 9BFDA6BA289914A4007EE921 /* FontSettingsView.swift */; };
		9BFDA6BD28991698007EE921 /* FontManager.swift in Sources */ = {isa = PBXBuildFile; fileRef = 9BFDA6BC28991698007EE921 /* FontManager.swift */; };
		9BFDA6BF28995123007EE921 /* Settings.swift in Sources */ = {isa = PBXBuildFile; fileRef = 9BFDA6BE28995123007EE921 /* Settings.swift */; };
		9BFDA6C1289A99C2007EE921 /* ActivityView.swift in Sources */ = {isa = PBXBuildFile; fileRef = 9BFDA6C0289A99C2007EE921 /* ActivityView.swift */; };
		9BFDA6C4289AB0B6007EE921 /* Introspect in Frameworks */ = {isa = PBXBuildFile; productRef = 9BFDA6C3289AB0B6007EE921 /* Introspect */; };
		9BFDA6C6289AB1D1007EE921 /* AccessoryView.swift in Sources */ = {isa = PBXBuildFile; fileRef = 9BFDA6C5289AB1D1007EE921 /* AccessoryView.swift */; };
		9BFDA6CC289BC3EF007EE921 /* InfoPlist.strings in Resources */ = {isa = PBXBuildFile; fileRef = 9BFDA6CE289BC3EF007EE921 /* InfoPlist.strings */; };
		9BFDA6D3289BE9F8007EE921 /* AppDelegate.swift in Sources */ = {isa = PBXBuildFile; fileRef = 9BFDA6D2289BE9F8007EE921 /* AppDelegate.swift */; };
		9BFDA6D5289BEAAB007EE921 /* Constants.swift in Sources */ = {isa = PBXBuildFile; fileRef = 9BFDA6D4289BEAAB007EE921 /* Constants.swift */; };
		9BFDA6D9289BEB5C007EE921 /* AdBannerView.swift in Sources */ = {isa = PBXBuildFile; fileRef = 9BFDA6D8289BEB5C007EE921 /* AdBannerView.swift */; };
		9BFDA6DC289BF6EB007EE921 /* Localizable.strings in Resources */ = {isa = PBXBuildFile; fileRef = 9BFDA6DE289BF6EB007EE921 /* Localizable.strings */; };
		9BFDA6E1289D3C8C007EE921 /* PlaceholderView.swift in Sources */ = {isa = PBXBuildFile; fileRef = 9BFDA6E0289D3C8C007EE921 /* PlaceholderView.swift */; };
/* End PBXBuildFile section */

/* Begin PBXContainerItemProxy section */
		9B376938288D8D47002392EB /* PBXContainerItemProxy */ = {
			isa = PBXContainerItemProxy;
			containerPortal = 9B37691F288D8D46002392EB /* Project object */;
			proxyType = 1;
			remoteGlobalIDString = 9B376926288D8D46002392EB;
			remoteInfo = Edhita;
		};
		9B376942288D8D47002392EB /* PBXContainerItemProxy */ = {
			isa = PBXContainerItemProxy;
			containerPortal = 9B37691F288D8D46002392EB /* Project object */;
			proxyType = 1;
			remoteGlobalIDString = 9B376926288D8D46002392EB;
			remoteInfo = Edhita;
		};
/* End PBXContainerItemProxy section */

/* Begin PBXFileReference section */
		9B376927288D8D46002392EB /* Edhita.app */ = {isa = PBXFileReference; explicitFileType = wrapper.application; includeInIndex = 0; path = Edhita.app; sourceTree = BUILT_PRODUCTS_DIR; };
		9B37692A288D8D46002392EB /* EdhitaApp.swift */ = {isa = PBXFileReference; lastKnownFileType = sourcecode.swift; path = EdhitaApp.swift; sourceTree = "<group>"; };
		9B37692E288D8D47002392EB /* Assets.xcassets */ = {isa = PBXFileReference; lastKnownFileType = folder.assetcatalog; path = Assets.xcassets; sourceTree = "<group>"; };
		9B376931288D8D47002392EB /* Preview Assets.xcassets */ = {isa = PBXFileReference; lastKnownFileType = folder.assetcatalog; path = "Preview Assets.xcassets"; sourceTree = "<group>"; };
		9B376937288D8D47002392EB /* EdhitaTests.xctest */ = {isa = PBXFileReference; explicitFileType = wrapper.cfbundle; includeInIndex = 0; path = EdhitaTests.xctest; sourceTree = BUILT_PRODUCTS_DIR; };
		9B37693B288D8D47002392EB /* EdhitaTests.swift */ = {isa = PBXFileReference; lastKnownFileType = sourcecode.swift; path = EdhitaTests.swift; sourceTree = "<group>"; };
		9B376941288D8D47002392EB /* EdhitaUITests.xctest */ = {isa = PBXFileReference; explicitFileType = wrapper.cfbundle; includeInIndex = 0; path = EdhitaUITests.xctest; sourceTree = BUILT_PRODUCTS_DIR; };
		9B376945288D8D47002392EB /* EdhitaUITests.swift */ = {isa = PBXFileReference; lastKnownFileType = sourcecode.swift; path = EdhitaUITests.swift; sourceTree = "<group>"; };
		9B376947288D8D47002392EB /* EdhitaUITestsLaunchTests.swift */ = {isa = PBXFileReference; lastKnownFileType = sourcecode.swift; path = EdhitaUITestsLaunchTests.swift; sourceTree = "<group>"; };
		9B8142BF2F13D2810012359C /* PrivacyInfo.xcprivacy */ = {isa = PBXFileReference; lastKnownFileType = text.xml; path = PrivacyInfo.xcprivacy; sourceTree = "<group>"; };
		9B8FD48E2B0A4976009950B9 /* AdManager.swift */ = {isa = PBXFileReference; lastKnownFileType = sourcecode.swift; path = AdManager.swift; sourceTree = "<group>"; };
		9BFAF5CA288EDAB400AE31AC /* FinderList.swift */ = {isa = PBXFileReference; lastKnownFileType = sourcecode.swift; path = FinderList.swift; sourceTree = "<group>"; };
		9BFAF5CC288EDAC000AE31AC /* FinderItem.swift */ = {isa = PBXFileReference; lastKnownFileType = sourcecode.swift; path = FinderItem.swift; sourceTree = "<group>"; };
		9BFAF5CE2890213200AE31AC /* FinderListView.swift */ = {isa = PBXFileReference; lastKnownFileType = sourcecode.swift; path = FinderListView.swift; sourceTree = "<group>"; };
		9BFAF5D02890213D00AE31AC /* FinderItemView.swift */ = {isa = PBXFileReference; lastKnownFileType = sourcecode.swift; path = FinderItemView.swift; sourceTree = "<group>"; };
		9BFDA6A628902A37007EE921 /* root */ = {isa = PBXFileReference; lastKnownFileType = folder; path = root; sourceTree = "<group>"; };
		9BFDA6A828903413007EE921 /* EditorView.swift */ = {isa = PBXFileReference; lastKnownFileType = sourcecode.swift; path = EditorView.swift; sourceTree = "<group>"; };
		9BFDA6AA28915D46007EE921 /* PreviewWebView.swift */ = {isa = PBXFileReference; lastKnownFileType = sourcecode.swift; path = PreviewWebView.swift; sourceTree = "<group>"; };
		9BFDA6B22895FC95007EE921 /* PromptView.swift */ = {isa = PBXFileReference; lastKnownFileType = sourcecode.swift; path = PromptView.swift; sourceTree = "<group>"; };
		9BFDA6B428966785007EE921 /* MoveListView.swift */ = {isa = PBXFileReference; lastKnownFileType = sourcecode.swift; path = MoveListView.swift; sourceTree = "<group>"; };
		9BFDA6B6289804BD007EE921 /* InfoView.swift */ = {isa = PBXFileReference; lastKnownFileType = sourcecode.swift; path = InfoView.swift; sourceTree = "<group>"; };
		9BFDA6B828981A76007EE921 /* SafariView.swift */ = {isa = PBXFileReference; lastKnownFileType = sourcecode.swift; path = SafariView.swift; sourceTree = "<group>"; };
		9BFDA6BA289914A4007EE921 /* FontSettingsView.swift */ = {isa = PBXFileReference; lastKnownFileType = sourcecode.swift; path = FontSettingsView.swift; sourceTree = "<group>"; };
		9BFDA6BC28991698007EE921 /* FontManager.swift */ = {isa = PBXFileReference; lastKnownFileType = sourcecode.swift; path = FontManager.swift; sourceTree = "<group>"; };
		9BFDA6BE28995123007EE921 /* Settings.swift */ = {isa = PBXFileReference; lastKnownFileType = sourcecode.swift; path = Settings.swift; sourceTree = "<group>"; };
		9BFDA6C0289A99C2007EE921 /* ActivityView.swift */ = {isa = PBXFileReference; lastKnownFileType = sourcecode.swift; path = ActivityView.swift; sourceTree = "<group>"; };
		9BFDA6C5289AB1D1007EE921 /* AccessoryView.swift */ = {isa = PBXFileReference; lastKnownFileType = sourcecode.swift; path = AccessoryView.swift; sourceTree = "<group>"; };
		9BFDA6CF289BC3F1007EE921 /* en */ = {isa = PBXFileReference; lastKnownFileType = text.plist.strings; name = en; path = en.lproj/InfoPlist.strings; sourceTree = "<group>"; };
		9BFDA6D0289BC412007EE921 /* ja */ = {isa = PBXFileReference; lastKnownFileType = text.plist.strings; name = ja; path = ja.lproj/InfoPlist.strings; sourceTree = "<group>"; };
		9BFDA6D1289BE8C1007EE921 /* Info.plist */ = {isa = PBXFileReference; lastKnownFileType = text.plist; path = Info.plist; sourceTree = "<group>"; };
		9BFDA6D2289BE9F8007EE921 /* AppDelegate.swift */ = {isa = PBXFileReference; lastKnownFileType = sourcecode.swift; path = AppDelegate.swift; sourceTree = "<group>"; };
		9BFDA6D4289BEAAB007EE921 /* Constants.swift */ = {isa = PBXFileReference; lastKnownFileType = sourcecode.swift; path = Constants.swift; sourceTree = "<group>"; };
		9BFDA6D8289BEB5C007EE921 /* AdBannerView.swift */ = {isa = PBXFileReference; lastKnownFileType = sourcecode.swift; path = AdBannerView.swift; sourceTree = "<group>"; };
		9BFDA6DD289BF6EB007EE921 /* en */ = {isa = PBXFileReference; lastKnownFileType = text.plist.strings; name = en; path = en.lproj/Localizable.strings; sourceTree = "<group>"; };
		9BFDA6DF289BF6EC007EE921 /* ja */ = {isa = PBXFileReference; lastKnownFileType = text.plist.strings; name = ja; path = ja.lproj/Localizable.strings; sourceTree = "<group>"; };
		9BFDA6E0289D3C8C007EE921 /* PlaceholderView.swift */ = {isa = PBXFileReference; lastKnownFileType = sourcecode.swift; path = PlaceholderView.swift; sourceTree = "<group>"; };
/* End PBXFileReference section */

/* Begin PBXFrameworksBuildPhase section */
		9B376924288D8D46002392EB /* Frameworks */ = {
			isa = PBXFrameworksBuildPhase;
			buildActionMask = 2147483647;
			files = (
				9B8FD4922B0A4A56009950B9 /* GoogleMobileAds in Frameworks */,
				9BFDA6B128928604007EE921 /* Ink in Frameworks */,
				9BFDA6C4289AB0B6007EE921 /* Introspect in Frameworks */,
			);
			runOnlyForDeploymentPostprocessing = 0;
		};
		9B376934288D8D47002392EB /* Frameworks */ = {
			isa = PBXFrameworksBuildPhase;
			buildActionMask = 2147483647;
			files = (
			);
			runOnlyForDeploymentPostprocessing = 0;
		};
		9B37693E288D8D47002392EB /* Frameworks */ = {
			isa = PBXFrameworksBuildPhase;
			buildActionMask = 2147483647;
			files = (
			);
			runOnlyForDeploymentPostprocessing = 0;
		};
/* End PBXFrameworksBuildPhase section */

/* Begin PBXGroup section */
		9B37691E288D8D46002392EB = {
			isa = PBXGroup;
			children = (
				9B376929288D8D46002392EB /* Edhita */,
				9B37693A288D8D47002392EB /* EdhitaTests */,
				9B376944288D8D47002392EB /* EdhitaUITests */,
				9B376928288D8D46002392EB /* Products */,
			);
			sourceTree = "<group>";
		};
		9B376928288D8D46002392EB /* Products */ = {
			isa = PBXGroup;
			children = (
				9B376927288D8D46002392EB /* Edhita.app */,
				9B376937288D8D47002392EB /* EdhitaTests.xctest */,
				9B376941288D8D47002392EB /* EdhitaUITests.xctest */,
			);
			name = Products;
			sourceTree = "<group>";
		};
		9B376929288D8D46002392EB /* Edhita */ = {
			isa = PBXGroup;
			children = (
				9BFDA6D1289BE8C1007EE921 /* Info.plist */,
				9B376954288D8E1E002392EB /* Models */,
				9B376955288D8E25002392EB /* Views */,
				9B37692A288D8D46002392EB /* EdhitaApp.swift */,
				9BFDA6D2289BE9F8007EE921 /* AppDelegate.swift */,
				9B37692E288D8D47002392EB /* Assets.xcassets */,
				9B376930288D8D47002392EB /* Preview Content */,
				9BFDA6CE289BC3EF007EE921 /* InfoPlist.strings */,
				9BFDA6DE289BF6EB007EE921 /* Localizable.strings */,
				9B8142BF2F13D2810012359C /* PrivacyInfo.xcprivacy */,
			);
			path = Edhita;
			sourceTree = "<group>";
		};
		9B376930288D8D47002392EB /* Preview Content */ = {
			isa = PBXGroup;
			children = (
				9B376931288D8D47002392EB /* Preview Assets.xcassets */,
				9BFDA6A628902A37007EE921 /* root */,
			);
			path = "Preview Content";
			sourceTree = "<group>";
		};
		9B37693A288D8D47002392EB /* EdhitaTests */ = {
			isa = PBXGroup;
			children = (
				9B37693B288D8D47002392EB /* EdhitaTests.swift */,
			);
			path = EdhitaTests;
			sourceTree = "<group>";
		};
		9B376944288D8D47002392EB /* EdhitaUITests */ = {
			isa = PBXGroup;
			children = (
				9B376945288D8D47002392EB /* EdhitaUITests.swift */,
				9B376947288D8D47002392EB /* EdhitaUITestsLaunchTests.swift */,
			);
			path = EdhitaUITests;
			sourceTree = "<group>";
		};
		9B376954288D8E1E002392EB /* Models */ = {
			isa = PBXGroup;
			children = (
				9BFAF5CA288EDAB400AE31AC /* FinderList.swift */,
				9BFAF5CC288EDAC000AE31AC /* FinderItem.swift */,
				9BFDA6BC28991698007EE921 /* FontManager.swift */,
				9BFDA6BE28995123007EE921 /* Settings.swift */,
				9BFDA6D4289BEAAB007EE921 /* Constants.swift */,
				9B8FD48E2B0A4976009950B9 /* AdManager.swift */,
			);
			path = Models;
			sourceTree = "<group>";
		};
		9B376955288D8E25002392EB /* Views */ = {
			isa = PBXGroup;
			children = (
				9BFAF5CE2890213200AE31AC /* FinderListView.swift */,
				9BFDA6B428966785007EE921 /* MoveListView.swift */,
				9BFAF5D02890213D00AE31AC /* FinderItemView.swift */,
				9BFDA6A828903413007EE921 /* EditorView.swift */,
				9BFDA6AA28915D46007EE921 /* PreviewWebView.swift */,
				9BFDA6B22895FC95007EE921 /* PromptView.swift */,
				9BFDA6B828981A76007EE921 /* SafariView.swift */,
				9BFDA6B6289804BD007EE921 /* InfoView.swift */,
				9BFDA6BA289914A4007EE921 /* FontSettingsView.swift */,
				9BFDA6C0289A99C2007EE921 /* ActivityView.swift */,
				9BFDA6C5289AB1D1007EE921 /* AccessoryView.swift */,
				9BFDA6D8289BEB5C007EE921 /* AdBannerView.swift */,
				9BFDA6E0289D3C8C007EE921 /* PlaceholderView.swift */,
			);
			path = Views;
			sourceTree = "<group>";
		};
/* End PBXGroup section */

/* Begin PBXNativeTarget section */
		9B376926288D8D46002392EB /* Edhita */ = {
			isa = PBXNativeTarget;
			buildConfigurationList = 9B37694B288D8D47002392EB /* Build configuration list for PBXNativeTarget "Edhita" */;
			buildPhases = (
				9B376923288D8D46002392EB /* Sources */,
				9B376924288D8D46002392EB /* Frameworks */,
				9B376925288D8D46002392EB /* Resources */,
			);
			buildRules = (
			);
			dependencies = (
			);
			name = Edhita;
			packageProductDependencies = (
				9BFDA6B028928604007EE921 /* Ink */,
				9BFDA6C3289AB0B6007EE921 /* Introspect */,
				9B8FD4912B0A4A56009950B9 /* GoogleMobileAds */,
			);
			productName = Edhita;
			productReference = 9B376927288D8D46002392EB /* Edhita.app */;
			productType = "com.apple.product-type.application";
		};
		9B376936288D8D47002392EB /* EdhitaTests */ = {
			isa = PBXNativeTarget;
			buildConfigurationList = 9B37694E288D8D47002392EB /* Build configuration list for PBXNativeTarget "EdhitaTests" */;
			buildPhases = (
				9B376933288D8D47002392EB /* Sources */,
				9B376934288D8D47002392EB /* Frameworks */,
				9B376935288D8D47002392EB /* Resources */,
			);
			buildRules = (
			);
			dependencies = (
				9B376939288D8D47002392EB /* PBXTargetDependency */,
			);
			name = EdhitaTests;
			productName = EdhitaTests;
			productReference = 9B376937288D8D47002392EB /* EdhitaTests.xctest */;
			productType = "com.apple.product-type.bundle.unit-test";
		};
		9B376940288D8D47002392EB /* EdhitaUITests */ = {
			isa = PBXNativeTarget;
			buildConfigurationList = 9B376951288D8D47002392EB /* Build configuration list for PBXNativeTarget "EdhitaUITests" */;
			buildPhases = (
				9B37693D288D8D47002392EB /* Sources */,
				9B37693E288D8D47002392EB /* Frameworks */,
				9B37693F288D8D47002392EB /* Resources */,
			);
			buildRules = (
			);
			dependencies = (
				9B376943288D8D47002392EB /* PBXTargetDependency */,
			);
			name = EdhitaUITests;
			productName = EdhitaUITests;
			productReference = 9B376941288D8D47002392EB /* EdhitaUITests.xctest */;
			productType = "com.apple.product-type.bundle.ui-testing";
		};
/* End PBXNativeTarget section */

/* Begin PBXProject section */
		9B37691F288D8D46002392EB /* Project object */ = {
			isa = PBXProject;
			attributes = {
				BuildIndependentTargetsInParallel = 1;
				LastSwiftUpdateCheck = 1340;
				LastUpgradeCheck = 1340;
				TargetAttributes = {
					9B376926288D8D46002392EB = {
						CreatedOnToolsVersion = 13.4.1;
					};
					9B376936288D8D47002392EB = {
						CreatedOnToolsVersion = 13.4.1;
						TestTargetID = 9B376926288D8D46002392EB;
					};
					9B376940288D8D47002392EB = {
						CreatedOnToolsVersion = 13.4.1;
						TestTargetID = 9B376926288D8D46002392EB;
					};
				};
			};
			buildConfigurationList = 9B376922288D8D46002392EB /* Build configuration list for PBXProject "Edhita" */;
			compatibilityVersion = "Xcode 13.0";
			developmentRegion = en;
			hasScannedForEncodings = 0;
			knownRegions = (
				en,
				Base,
				ja,
			);
			mainGroup = 9B37691E288D8D46002392EB;
			packageReferences = (
				9BFDA6AF28928604007EE921 /* XCRemoteSwiftPackageReference "Ink" */,
				9BFDA6C2289AB0B6007EE921 /* XCRemoteSwiftPackageReference "SwiftUI-Introspect" */,
				9B8FD4902B0A4A56009950B9 /* XCRemoteSwiftPackageReference "swift-package-manager-google-mobile-ads" */,
			);
			productRefGroup = 9B376928288D8D46002392EB /* Products */;
			projectDirPath = "";
			projectRoot = "";
			targets = (
				9B376926288D8D46002392EB /* Edhita */,
				9B376936288D8D47002392EB /* EdhitaTests */,
				9B376940288D8D47002392EB /* EdhitaUITests */,
			);
		};
/* End PBXProject section */

/* Begin PBXResourcesBuildPhase section */
		9B376925288D8D46002392EB /* Resources */ = {
			isa = PBXResourcesBuildPhase;
			buildActionMask = 2147483647;
			files = (
				9B8142C02F13D2810012359C /* PrivacyInfo.xcprivacy in Resources */,
				9BFDA6DC289BF6EB007EE921 /* Localizable.strings in Resources */,
				9B376932288D8D47002392EB /* Preview Assets.xcassets in Resources */,
				9BFDA6CC289BC3EF007EE921 /* InfoPlist.strings in Resources */,
				9BFDA6A728902A37007EE921 /* root in Resources */,
				9B37692F288D8D47002392EB /* Assets.xcassets in Resources */,
			);
			runOnlyForDeploymentPostprocessing = 0;
		};
		9B376935288D8D47002392EB /* Resources */ = {
			isa = PBXResourcesBuildPhase;
			buildActionMask = 2147483647;
			files = (
			);
			runOnlyForDeploymentPostprocessing = 0;
		};
		9B37693F288D8D47002392EB /* Resources */ = {
			isa = PBXResourcesBuildPhase;
			buildActionMask = 2147483647;
			files = (
			);
			runOnlyForDeploymentPostprocessing = 0;
		};
/* End PBXResourcesBuildPhase section */

/* Begin PBXSourcesBuildPhase section */
		9B376923288D8D46002392EB /* Sources */ = {
			isa = PBXSourcesBuildPhase;
			buildActionMask = 2147483647;
			files = (
				9BFDA6B32895FC95007EE921 /* PromptView.swift in Sources */,
				9BFDA6B928981A76007EE921 /* SafariView.swift in Sources */,
				9B37692B288D8D46002392EB /* EdhitaApp.swift in Sources */,
				9BFAF5CD288EDAC000AE31AC /* FinderItem.swift in Sources */,
				9BFDA6BF28995123007EE921 /* Settings.swift in Sources */,
				9BFDA6C6289AB1D1007EE921 /* AccessoryView.swift in Sources */,
				9BFDA6B528966785007EE921 /* MoveListView.swift in Sources */,
				9BFAF5CB288EDAB400AE31AC /* FinderList.swift in Sources */,
				9BFDA6B7289804BD007EE921 /* InfoView.swift in Sources */,
				9BFDA6C1289A99C2007EE921 /* ActivityView.swift in Sources */,
				9BFDA6A928903413007EE921 /* EditorView.swift in Sources */,
				9BFAF5CF2890213200AE31AC /* FinderListView.swift in Sources */,
				9BFAF5D12890213D00AE31AC /* FinderItemView.swift in Sources */,
				9BFDA6BD28991698007EE921 /* FontManager.swift in Sources */,
				9BFDA6AB28915D46007EE921 /* PreviewWebView.swift in Sources */,
				9BFDA6D9289BEB5C007EE921 /* AdBannerView.swift in Sources */,
				9BFDA6D3289BE9F8007EE921 /* AppDelegate.swift in Sources */,
				9BFDA6BB289914A4007EE921 /* FontSettingsView.swift in Sources */,
				9B8FD48F2B0A4976009950B9 /* AdManager.swift in Sources */,
				9BFDA6E1289D3C8C007EE921 /* PlaceholderView.swift in Sources */,
				9BFDA6D5289BEAAB007EE921 /* Constants.swift in Sources */,
			);
			runOnlyForDeploymentPostprocessing = 0;
		};
		9B376933288D8D47002392EB /* Sources */ = {
			isa = PBXSourcesBuildPhase;
			buildActionMask = 2147483647;
			files = (
				9B37693C288D8D47002392EB /* EdhitaTests.swift in Sources */,
			);
			runOnlyForDeploymentPostprocessing = 0;
		};
		9B37693D288D8D47002392EB /* Sources */ = {
			isa = PBXSourcesBuildPhase;
			buildActionMask = 2147483647;
			files = (
				9B376946288D8D47002392EB /* EdhitaUITests.swift in Sources */,
				9B376948288D8D47002392EB /* EdhitaUITestsLaunchTests.swift in Sources */,
			);
			runOnlyForDeploymentPostprocessing = 0;
		};
/* End PBXSourcesBuildPhase section */

/* Begin PBXTargetDependency section */
		9B376939288D8D47002392EB /* PBXTargetDependency */ = {
			isa = PBXTargetDependency;
			target = 9B376926288D8D46002392EB /* Edhita */;
			targetProxy = 9B376938288D8D47002392EB /* PBXContainerItemProxy */;
		};
		9B376943288D8D47002392EB /* PBXTargetDependency */ = {
			isa = PBXTargetDependency;
			target = 9B376926288D8D46002392EB /* Edhita */;
			targetProxy = 9B376942288D8D47002392EB /* PBXContainerItemProxy */;
		};
/* End PBXTargetDependency section */

/* Begin PBXVariantGroup section */
		9BFDA6CE289BC3EF007EE921 /* InfoPlist.strings */ = {
			isa = PBXVariantGroup;
			children = (
				9BFDA6CF289BC3F1007EE921 /* en */,
				9BFDA6D0289BC412007EE921 /* ja */,
			);
			name = InfoPlist.strings;
			sourceTree = "<group>";
		};
		9BFDA6DE289BF6EB007EE921 /* Localizable.strings */ = {
			isa = PBXVariantGroup;
			children = (
				9BFDA6DD289BF6EB007EE921 /* en */,
				9BFDA6DF289BF6EC007EE921 /* ja */,
			);
			name = Localizable.strings;
			sourceTree = "<group>";
		};
/* End PBXVariantGroup section */

/* Begin XCBuildConfiguration section */
		9B376949288D8D47002392EB /* Debug */ = {
			isa = XCBuildConfiguration;
			buildSettings = {
				ALWAYS_SEARCH_USER_PATHS = NO;
				CLANG_ANALYZER_NONNULL = YES;
				CLANG_ANALYZER_NUMBER_OBJECT_CONVERSION = YES_AGGRESSIVE;
				CLANG_CXX_LANGUAGE_STANDARD = "gnu++17";
				CLANG_ENABLE_MODULES = YES;
				CLANG_ENABLE_OBJC_ARC = YES;
				CLANG_ENABLE_OBJC_WEAK = YES;
				CLANG_WARN_BLOCK_CAPTURE_AUTORELEASING = YES;
				CLANG_WARN_BOOL_CONVERSION = YES;
				CLANG_WARN_COMMA = YES;
				CLANG_WARN_CONSTANT_CONVERSION = YES;
				CLANG_WARN_DEPRECATED_OBJC_IMPLEMENTATIONS = YES;
				CLANG_WARN_DIRECT_OBJC_ISA_USAGE = YES_ERROR;
				CLANG_WARN_DOCUMENTATION_COMMENTS = YES;
				CLANG_WARN_EMPTY_BODY = YES;
				CLANG_WARN_ENUM_CONVERSION = YES;
				CLANG_WARN_INFINITE_RECURSION = YES;
				CLANG_WARN_INT_CONVERSION = YES;
				CLANG_WARN_NON_LITERAL_NULL_CONVERSION = YES;
				CLANG_WARN_OBJC_IMPLICIT_RETAIN_SELF = YES;
				CLANG_WARN_OBJC_LITERAL_CONVERSION = YES;
				CLANG_WARN_OBJC_ROOT_CLASS = YES_ERROR;
				CLANG_WARN_QUOTED_INCLUDE_IN_FRAMEWORK_HEADER = YES;
				CLANG_WARN_RANGE_LOOP_ANALYSIS = YES;
				CLANG_WARN_STRICT_PROTOTYPES = YES;
				CLANG_WARN_SUSPICIOUS_MOVE = YES;
				CLANG_WARN_UNGUARDED_AVAILABILITY = YES_AGGRESSIVE;
				CLANG_WARN_UNREACHABLE_CODE = YES;
				CLANG_WARN__DUPLICATE_METHOD_MATCH = YES;
				COPY_PHASE_STRIP = NO;
				DEBUG_INFORMATION_FORMAT = dwarf;
				ENABLE_STRICT_OBJC_MSGSEND = YES;
				ENABLE_TESTABILITY = YES;
				GCC_C_LANGUAGE_STANDARD = gnu11;
				GCC_DYNAMIC_NO_PIC = NO;
				GCC_NO_COMMON_BLOCKS = YES;
				GCC_OPTIMIZATION_LEVEL = 0;
				GCC_PREPROCESSOR_DEFINITIONS = (
					"DEBUG=1",
					"$(inherited)",
				);
				GCC_WARN_64_TO_32_BIT_CONVERSION = YES;
				GCC_WARN_ABOUT_RETURN_TYPE = YES_ERROR;
				GCC_WARN_UNDECLARED_SELECTOR = YES;
				GCC_WARN_UNINITIALIZED_AUTOS = YES_AGGRESSIVE;
				GCC_WARN_UNUSED_FUNCTION = YES;
				GCC_WARN_UNUSED_VARIABLE = YES;
				IPHONEOS_DEPLOYMENT_TARGET = 15.5;
				MTL_ENABLE_DEBUG_INFO = INCLUDE_SOURCE;
				MTL_FAST_MATH = YES;
				ONLY_ACTIVE_ARCH = YES;
				OTHER_LDFLAGS = "-ObjC";
				SDKROOT = iphoneos;
				SWIFT_ACTIVE_COMPILATION_CONDITIONS = DEBUG;
				SWIFT_OPTIMIZATION_LEVEL = "-Onone";
			};
			name = Debug;
		};
		9B37694A288D8D47002392EB /* Release */ = {
			isa = XCBuildConfiguration;
			buildSettings = {
				ALWAYS_SEARCH_USER_PATHS = NO;
				CLANG_ANALYZER_NONNULL = YES;
				CLANG_ANALYZER_NUMBER_OBJECT_CONVERSION = YES_AGGRESSIVE;
				CLANG_CXX_LANGUAGE_STANDARD = "gnu++17";
				CLANG_ENABLE_MODULES = YES;
				CLANG_ENABLE_OBJC_ARC = YES;
				CLANG_ENABLE_OBJC_WEAK = YES;
				CLANG_WARN_BLOCK_CAPTURE_AUTORELEASING = YES;
				CLANG_WARN_BOOL_CONVERSION = YES;
				CLANG_WARN_COMMA = YES;
				CLANG_WARN_CONSTANT_CONVERSION = YES;
				CLANG_WARN_DEPRECATED_OBJC_IMPLEMENTATIONS = YES;
				CLANG_WARN_DIRECT_OBJC_ISA_USAGE = YES_ERROR;
				CLANG_WARN_DOCUMENTATION_COMMENTS = YES;
				CLANG_WARN_EMPTY_BODY = YES;
				CLANG_WARN_ENUM_CONVERSION = YES;
				CLANG_WARN_INFINITE_RECURSION = YES;
				CLANG_WARN_INT_CONVERSION = YES;
				CLANG_WARN_NON_LITERAL_NULL_CONVERSION = YES;
				CLANG_WARN_OBJC_IMPLICIT_RETAIN_SELF = YES;
				CLANG_WARN_OBJC_LITERAL_CONVERSION = YES;
				CLANG_WARN_OBJC_ROOT_CLASS = YES_ERROR;
				CLANG_WARN_QUOTED_INCLUDE_IN_FRAMEWORK_HEADER = YES;
				CLANG_WARN_RANGE_LOOP_ANALYSIS = YES;
				CLANG_WARN_STRICT_PROTOTYPES = YES;
				CLANG_WARN_SUSPICIOUS_MOVE = YES;
				CLANG_WARN_UNGUARDED_AVAILABILITY = YES_AGGRESSIVE;
				CLANG_WARN_UNREACHABLE_CODE = YES;
				CLANG_WARN__DUPLICATE_METHOD_MATCH = YES;
				COPY_PHASE_STRIP = NO;
				DEBUG_INFORMATION_FORMAT = "dwarf-with-dsym";
				ENABLE_NS_ASSERTIONS = NO;
				ENABLE_STRICT_OBJC_MSGSEND = YES;
				GCC_C_LANGUAGE_STANDARD = gnu11;
				GCC_NO_COMMON_BLOCKS = YES;
				GCC_WARN_64_TO_32_BIT_CONVERSION = YES;
				GCC_WARN_ABOUT_RETURN_TYPE = YES_ERROR;
				GCC_WARN_UNDECLARED_SELECTOR = YES;
				GCC_WARN_UNINITIALIZED_AUTOS = YES_AGGRESSIVE;
				GCC_WARN_UNUSED_FUNCTION = YES;
				GCC_WARN_UNUSED_VARIABLE = YES;
				IPHONEOS_DEPLOYMENT_TARGET = 15.5;
				MTL_ENABLE_DEBUG_INFO = NO;
				MTL_FAST_MATH = YES;
				OTHER_LDFLAGS = "-ObjC";
				SDKROOT = iphoneos;
				SWIFT_COMPILATION_MODE = wholemodule;
				SWIFT_OPTIMIZATION_LEVEL = "-O";
				VALIDATE_PRODUCT = YES;
			};
			name = Release;
		};
		9B37694C288D8D47002392EB /* Debug */ = {
			isa = XCBuildConfiguration;
			buildSettings = {
				ASSETCATALOG_COMPILER_APPICON_NAME = AppIcon;
				ASSETCATALOG_COMPILER_GLOBAL_ACCENT_COLOR_NAME = AccentColor;
				CODE_SIGN_STYLE = Automatic;
				CURRENT_PROJECT_VERSION = 25;
				DEVELOPMENT_ASSET_PATHS = "\"Edhita/Preview Content\"";
				DEVELOPMENT_TEAM = H4Z42X3L6X;
				ENABLE_PREVIEWS = YES;
				GENERATE_INFOPLIST_FILE = YES;
				INFOPLIST_FILE = Edhita/Info.plist;
				INFOPLIST_KEY_UIApplicationSceneManifest_Generation = YES;
				INFOPLIST_KEY_UIApplicationSupportsIndirectInputEvents = YES;
				INFOPLIST_KEY_UILaunchScreen_Generation = YES;
				INFOPLIST_KEY_UISupportedInterfaceOrientations_iPad = "UIInterfaceOrientationPortrait UIInterfaceOrientationPortraitUpsideDown UIInterfaceOrientationLandscapeLeft UIInterfaceOrientationLandscapeRight";
				INFOPLIST_KEY_UISupportedInterfaceOrientations_iPhone = "UIInterfaceOrientationPortrait UIInterfaceOrientationLandscapeLeft UIInterfaceOrientationLandscapeRight";
				LD_RUNPATH_SEARCH_PATHS = (
					"$(inherited)",
					"@executable_path/Frameworks",
				);
				MARKETING_VERSION = 3.1.0;
				PRODUCT_BUNDLE_IDENTIFIER = com.bornneet.Edhita;
				PRODUCT_NAME = "$(TARGET_NAME)";
				SWIFT_EMIT_LOC_STRINGS = YES;
				SWIFT_VERSION = 5.0;
				TARGETED_DEVICE_FAMILY = "1,2";
			};
			name = Debug;
		};
		9B37694D288D8D47002392EB /* Release */ = {
			isa = XCBuildConfiguration;
			buildSettings = {
				ASSETCATALOG_COMPILER_APPICON_NAME = AppIcon;
				ASSETCATALOG_COMPILER_GLOBAL_ACCENT_COLOR_NAME = AccentColor;
				CODE_SIGN_STYLE = Automatic;
				CURRENT_PROJECT_VERSION = 25;
				DEVELOPMENT_ASSET_PATHS = "\"Edhita/Preview Content\"";
				DEVELOPMENT_TEAM = H4Z42X3L6X;
				ENABLE_PREVIEWS = YES;
				GENERATE_INFOPLIST_FILE = YES;
				INFOPLIST_FILE = Edhita/Info.plist;
				INFOPLIST_KEY_UIApplicationSceneManifest_Generation = YES;
				INFOPLIST_KEY_UIApplicationSupportsIndirectInputEvents = YES;
				INFOPLIST_KEY_UILaunchScreen_Generation = YES;
				INFOPLIST_KEY_UISupportedInterfaceOrientations_iPad = "UIInterfaceOrientationPortrait UIInterfaceOrientationPortraitUpsideDown UIInterfaceOrientationLandscapeLeft UIInterfaceOrientationLandscapeRight";
				INFOPLIST_KEY_UISupportedInterfaceOrientations_iPhone = "UIInterfaceOrientationPortrait UIInterfaceOrientationLandscapeLeft UIInterfaceOrientationLandscapeRight";
				LD_RUNPATH_SEARCH_PATHS = (
					"$(inherited)",
					"@executable_path/Frameworks",
				);
				MARKETING_VERSION = 3.1.0;
				PRODUCT_BUNDLE_IDENTIFIER = com.bornneet.Edhita;
				PRODUCT_NAME = "$(TARGET_NAME)";
				SWIFT_EMIT_LOC_STRINGS = YES;
				SWIFT_VERSION = 5.0;
				TARGETED_DEVICE_FAMILY = "1,2";
			};
			name = Release;
		};
		9B37694F288D8D47002392EB /* Debug */ = {
			isa = XCBuildConfiguration;
			buildSettings = {
				ALWAYS_EMBED_SWIFT_STANDARD_LIBRARIES = YES;
				BUNDLE_LOADER = "$(TEST_HOST)";
				CODE_SIGN_STYLE = Automatic;
				CURRENT_PROJECT_VERSION = 1;
				GENERATE_INFOPLIST_FILE = YES;
				IPHONEOS_DEPLOYMENT_TARGET = 15.5;
				MARKETING_VERSION = 1.0;
				PRODUCT_BUNDLE_IDENTIFIER = com.bornneet.EdhitaTests;
				PRODUCT_NAME = "$(TARGET_NAME)";
				SWIFT_EMIT_LOC_STRINGS = NO;
				SWIFT_VERSION = 5.0;
				TARGETED_DEVICE_FAMILY = "1,2";
				TEST_HOST = "$(BUILT_PRODUCTS_DIR)/Edhita.app/Edhita";
			};
			name = Debug;
		};
		9B376950288D8D47002392EB /* Release */ = {
			isa = XCBuildConfiguration;
			buildSettings = {
				ALWAYS_EMBED_SWIFT_STANDARD_LIBRARIES = YES;
				BUNDLE_LOADER = "$(TEST_HOST)";
				CODE_SIGN_STYLE = Automatic;
				CURRENT_PROJECT_VERSION = 1;
				GENERATE_INFOPLIST_FILE = YES;
				IPHONEOS_DEPLOYMENT_TARGET = 15.5;
				MARKETING_VERSION = 1.0;
				PRODUCT_BUNDLE_IDENTIFIER = com.bornneet.EdhitaTests;
				PRODUCT_NAME = "$(TARGET_NAME)";
				SWIFT_EMIT_LOC_STRINGS = NO;
				SWIFT_VERSION = 5.0;
				TARGETED_DEVICE_FAMILY = "1,2";
				TEST_HOST = "$(BUILT_PRODUCTS_DIR)/Edhita.app/Edhita";
			};
			name = Release;
		};
		9B376952288D8D47002392EB /* Debug */ = {
			isa = XCBuildConfiguration;
			buildSettings = {
				ALWAYS_EMBED_SWIFT_STANDARD_LIBRARIES = YES;
				CODE_SIGN_STYLE = Automatic;
				CURRENT_PROJECT_VERSION = 1;
				GENERATE_INFOPLIST_FILE = YES;
				MARKETING_VERSION = 1.0;
				PRODUCT_BUNDLE_IDENTIFIER = com.bornneet.EdhitaUITests;
				PRODUCT_NAME = "$(TARGET_NAME)";
				SWIFT_EMIT_LOC_STRINGS = NO;
				SWIFT_VERSION = 5.0;
				TARGETED_DEVICE_FAMILY = "1,2";
				TEST_TARGET_NAME = Edhita;
			};
			name = Debug;
		};
		9B376953288D8D47002392EB /* Release */ = {
			isa = XCBuildConfiguration;
			buildSettings = {
				ALWAYS_EMBED_SWIFT_STANDARD_LIBRARIES = YES;
				CODE_SIGN_STYLE = Automatic;
				CURRENT_PROJECT_VERSION = 1;
				GENERATE_INFOPLIST_FILE = YES;
				MARKETING_VERSION = 1.0;
				PRODUCT_BUNDLE_IDENTIFIER = com.bornneet.EdhitaUITests;
				PRODUCT_NAME = "$(TARGET_NAME)";
				SWIFT_EMIT_LOC_STRINGS = NO;
				SWIFT_VERSION = 5.0;
				TARGETED_DEVICE_FAMILY = "1,2";
				TEST_TARGET_NAME = Edhita;
			};
			name = Release;
		};
/* End XCBuildConfiguration section */

/* Begin XCConfigurationList section */
		9B376922288D8D46002392EB /* Build configuration list for PBXProject "Edhita" */ = {
			isa = XCConfigurationList;
			buildConfigurations = (
				9B376949288D8D47002392EB /* Debug */,
				9B37694A288D8D47002392EB /* Release */,
			);
			defaultConfigurationIsVisible = 0;
			defaultConfigurationName = Release;
		};
		9B37694B288D8D47002392EB /* Build configuration list for PBXNativeTarget "Edhita" */ = {
			isa = XCConfigurationList;
			buildConfigurations = (
				9B37694C288D8D47002392EB /* Debug */,
				9B37694D288D8D47002392EB /* Release */,
			);
			defaultConfigurationIsVisible = 0;
			defaultConfigurationName = Release;
		};
		9B37694E288D8D47002392EB /* Build configuration list for PBXNativeTarget "EdhitaTests" */ = {
			isa = XCConfigurationList;
			buildConfigurations = (
				9B37694F288D8D47002392EB /* Debug */,
				9B376950288D8D47002392EB /* Release */,
			);
			defaultConfigurationIsVisible = 0;
			defaultConfigurationName = Release;
		};
		9B376951288D8D47002392EB /* Build configuration list for PBXNativeTarget "EdhitaUITests" */ = {
			isa = XCConfigurationList;
			buildConfigurations = (
				9B376952288D8D47002392EB /* Debug */,
				9B376953288D8D47002392EB /* Release */,
			);
			defaultConfigurationIsVisible = 0;
			defaultConfigurationName = Release;
		};
/* End XCConfigurationList section */

/* Begin XCRemoteSwiftPackageReference section */
		9B8FD4902B0A4A56009950B9 /* XCRemoteSwiftPackageReference "swift-package-manager-google-mobile-ads" */ = {
			isa = XCRemoteSwiftPackageReference;
			repositoryURL = "https://github.com/googleads/swift-package-manager-google-mobile-ads.git";
			requirement = {
				kind = upToNextMajorVersion;
				minimumVersion = 12.0.0;
			};
		};
		9BFDA6AF28928604007EE921 /* XCRemoteSwiftPackageReference "Ink" */ = {
			isa = XCRemoteSwiftPackageReference;
			repositoryURL = "https://github.com/JohnSundell/Ink.git";
			requirement = {
				branch = master;
				kind = branch;
			};
		};
		9BFDA6C2289AB0B6007EE921 /* XCRemoteSwiftPackageReference "SwiftUI-Introspect" */ = {
			isa = XCRemoteSwiftPackageReference;
			repositoryURL = "https://github.com/siteline/SwiftUI-Introspect.git";
			requirement = {
				branch = master;
				kind = branch;
			};
		};
/* End XCRemoteSwiftPackageReference section */

/* Begin XCSwiftPackageProductDependency section */
		9B8FD4912B0A4A56009950B9 /* GoogleMobileAds */ = {
			isa = XCSwiftPackageProductDependency;
			package = 9B8FD4902B0A4A56009950B9 /* XCRemoteSwiftPackageReference "swift-package-manager-google-mobile-ads" */;
			productName = GoogleMobileAds;
		};
		9BFDA6B028928604007EE921 /* Ink */ = {
			isa = XCSwiftPackageProductDependency;
			package = 9BFDA6AF28928604007EE921 /* XCRemoteSwiftPackageReference "Ink" */;
			productName = Ink;
		};
		9BFDA6C3289AB0B6007EE921 /* Introspect */ = {
			isa = XCSwiftPackageProductDependency;
			package = 9BFDA6C2289AB0B6007EE921 /* XCRemoteSwiftPackageReference "SwiftUI-Introspect" */;
			productName = Introspect;
		};
/* End XCSwiftPackageProductDependency section */
	};
	rootObject = 9B37691F288D8D46002392EB /* Project object */;
}
